PODS:
  - AFNetworking (3.2.0):
    - AFNetworking/NSURLSession (= 3.2.0)
    - AFNetworking/Reachability (= 3.2.0)
    - AFNetworking/Security (= 3.2.0)
    - AFNetworking/Serialization (= 3.2.0)
    - AFNetworking/UIKit (= 3.2.0)
  - AFNetworking/NSURLSession (3.2.0):
    - AFNetworking/Reachability
    - AFNetworking/Security
    - AFNetworking/Serialization
  - AFNetworking/Reachability (3.2.0)
  - AFNetworking/Security (3.2.0)
  - AFNetworking/Serialization (3.2.0)
  - AFNetworking/UIKit (3.2.0):
    - AFNetworking/NSURLSession
  - DZNEmptyDataSet (1.8.1)
  - FDFullscreenPopGesture (1.1)
  - FLAnimatedImage (1.0.12)
  - FreeStreamer (3.8.3):
    - Reachability (~> 3.0)
  - JKDataHelper (0.1.6)
  - LTNavigationBar (2.1.9)
  - Masonry (1.1.0)
  - MJRefresh (3.1.15.3)
  - Reachability (3.2)
  - ReactiveCocoa (2.5):
    - ReactiveCocoa/UI (= 2.5)
  - ReactiveCocoa/Core (2.5):
    - ReactiveCocoa/no-arc
  - ReactiveCocoa/no-arc (2.5)
  - ReactiveCocoa/UI (2.5):
    - ReactiveCocoa/Core
  - RTRootNavigationController (0.6.6):
    - RTRootNavigationController/Core (= 0.6.6)
  - RTRootNavigationController/Core (0.6.6)
  - SDCycleScrollView (1.75):
    - SDWebImage (>= 4.0.0)
  - SDWebImage (4.3.3):
    - SDWebImage/Core (= 4.3.3)
  - SDWebImage/Core (4.3.3)
  - XHLaunchAd (3.9.7):
    - FLAnimatedImage (~> 1.0.12)
  - YYCache (1.0.4)
  - YYCategory (0.0.1)
  - YYImage (1.0.4):
    - YYImage/Core (= 1.0.4)
  - YYImage/Core (1.0.4)
  - YYModel (1.0.4)
  - YYWebImage (1.0.5):
    - YYCache
    - YYImage
  - ZFPlayer (2.1.6):
    - Masonry

DEPENDENCIES:
  - AFNetworking (~> 3.2.0)
  - DZNEmptyDataSet (~> 1.8.1)
  - FDFullscreenPopGesture (~> 1.1)
  - FreeStreamer (~> 3.8.3)
  - JKDataHelper
  - LTNavigationBar (~> 2.1.9)
  - MJRefresh (~> 3.1.15.3)
  - Reachability (~> 3.2)
  - ReactiveCocoa (~> 2.5)
  - RTRootNavigationController (~> 0.6.6)
  - SDCycleScrollView (~> 1.75)
  - SDWebImage (~> 4.3.3)
  - XHLaunchAd (~> 3.9.7)
  - YYCache
  - YYCategory
  - YYModel
  - YYWebImage
  - ZFPlayer (~> 2.1.6)

SPEC REPOS:
  https://github.com/CocoaPods/Specs.git:
    - AFNetworking
    - DZNEmptyDataSet
    - FDFullscreenPopGesture
    - FLAnimatedImage
    - FreeStreamer
    - JKDataHelper
    - LTNavigationBar
    - Masonry
    - MJRefresh
    - Reachability
    - ReactiveCocoa
    - RTRootNavigationController
    - SDCycleScrollView
    - SDWebImage
    - XHLaunchAd
    - YYCache
    - YYCategory
    - YYImage
    - YYModel
    - YYWebImage
    - ZFPlayer

SPEC CHECKSUMS:
  AFNetworking: 8ac6017b94ea105479f7776e5288e48ae9c59bb4
  DZNEmptyDataSet: 9525833b9e68ac21c30253e1d3d7076cc828eaa7
  FDFullscreenPopGesture: a8a620179e3d9c40e8e00256dcee1c1a27c6d0f0
  FLAnimatedImage: 4a0b56255d9b05f18b6dd7ee06871be5d3b89e31
  FreeStreamer: b205b0bf6a2e7855f935369145498f930eb27cac
  JKDataHelper: 755d72b6ecbf22191b9b32322f075f4a22bf1bec
  LTNavigationBar: c278785bed344862e18146b5f06792932e4feacc
  Masonry: 678fab65091a9290e40e2832a55e7ab731aad201
  MJRefresh: b48380ae2b927b46c4ef000de9adb8dc748e1df7
  Reachability: 33e18b67625424e47b6cde6d202dce689ad7af96
  ReactiveCocoa: e2db045570aa97c695e7aa97c2bcab222ae51f4a
  RTRootNavigationController: 1429554f853e8319a383849befed73d5dc58a108
  SDCycleScrollView: 884b88f0266dd4708a0e1934975c69cb971707b1
  SDWebImage: de4d90b5bff3571eae7bd16202b1f43135409fa5
  XHLaunchAd: 0dc50c5af00ee5d9e734b9dce6eece7acaa71122
  YYCache: 8105b6638f5e849296c71f331ff83891a4942952
  YYCategory: d85135b05d2806c90930a5bbadfc1501396a3db9
  YYImage: 1e1b62a9997399593e4b9c4ecfbbabbf1d3f3b54
  YYModel: 2a7fdd96aaa4b86a824e26d0c517de8928c04b30
  YYWebImage: 5f7f36aee2ae293f016d418c7d6ba05c4863e928
  ZFPlayer: 833cb3974b619bfd01a0ec1ebaabfe6f629e85b4

PODFILE CHECKSUM: 6db6a0dc907ae2c53f675c735d3a1436f1a97d13

COCOAPODS: 1.5.0
