// !$*UTF8*$!
{
	archiveVersion = 1;
	classes = {
	};
	objectVersion = 50;
	objects = {

/* Begin PBXBuildFile section */
		4619BDF4207C4D4F00065016 /* AppDelegate.m in Sources */ = {isa = PBXBuildFile; fileRef = 4619BDF3207C4D4F00065016 /* AppDelegate.m */; };
		4619BDFA207C4D4F00065016 /* Main.storyboard in Resources */ = {isa = PBXBuildFile; fileRef = 4619BDF8207C4D4F00065016 /* Main.storyboard */; };
		4619BDFF207C4D5200065016 /* LaunchScreen.storyboard in Resources */ = {isa = PBXBuildFile; fileRef = 4619BDFD207C4D5200065016 /* LaunchScreen.storyboard */; };
		4619BE02207C4D5200065016 /* main.m in Sources */ = {isa = PBXBuildFile; fileRef = 4619BE01207C4D5200065016 /* main.m */; };
		4619BE0C207C4D5200065016 /* __MONOTests.m in Sources */ = {isa = PBXBuildFile; fileRef = 4619BE0B207C4D5200065016 /* __MONOTests.m */; };
		4619BE17207C4D5200065016 /* __MONOUITests.m in Sources */ = {isa = PBXBuildFile; fileRef = 4619BE16207C4D5200065016 /* __MONOUITests.m */; };
		4619BE25207C577A00065016 /* image.xcassets in Resources */ = {isa = PBXBuildFile; fileRef = 4619BE24207C577900065016 /* image.xcassets */; };
		4619BE68207CF7F600065016 /* MNBaseController.m in Sources */ = {isa = PBXBuildFile; fileRef = 4619BE67207CF7F600065016 /* MNBaseController.m */; };
		4619BE6E207CF88200065016 /* RecommendVC.m in Sources */ = {isa = PBXBuildFile; fileRef = 4619BE6D207CF88200065016 /* RecommendVC.m */; };
		4619BE71207CF8A200065016 /* DiscoverVC.m in Sources */ = {isa = PBXBuildFile; fileRef = 4619BE70207CF8A200065016 /* DiscoverVC.m */; };
		4619BE74207CF8C100065016 /* CommunityVC.m in Sources */ = {isa = PBXBuildFile; fileRef = 4619BE73207CF8C100065016 /* CommunityVC.m */; };
		4619BE77207CF8D800065016 /* MineVC.m in Sources */ = {isa = PBXBuildFile; fileRef = 4619BE76207CF8D800065016 /* MineVC.m */; };
		4619BE7A207CF95300065016 /* MNTabbarConfig.m in Sources */ = {isa = PBXBuildFile; fileRef = 4619BE79207CF95300065016 /* MNTabbarConfig.m */; };
		4619BE7D207CF99F00065016 /* MNNavigationController.m in Sources */ = {isa = PBXBuildFile; fileRef = 4619BE7C207CF99F00065016 /* MNNavigationController.m */; };
		4619BE80207D0A4300065016 /* MNBaseTabbarController.m in Sources */ = {isa = PBXBuildFile; fileRef = 4619BE7F207D0A4300065016 /* MNBaseTabbarController.m */; };
		46D543102083382B00C38643 /* MNNetworkTool.m in Sources */ = {isa = PBXBuildFile; fileRef = 46D5430F2083382A00C38643 /* MNNetworkTool.m */; };
		46E67BD1207E55E20089AD25 /* SPPageMenu.m in Sources */ = {isa = PBXBuildFile; fileRef = 46E67BCF207E55E20089AD25 /* SPPageMenu.m */; };
		F32AEF373ABABF531789A361 /* libPods-高仿MONO.a in Frameworks */ = {isa = PBXBuildFile; fileRef = FC183F150C2C571F8B7BC729 /* libPods-高仿MONO.a */; };
/* End PBXBuildFile section */

/* Begin PBXContainerItemProxy section */
		4619BE08207C4D5200065016 /* PBXContainerItemProxy */ = {
			isa = PBXContainerItemProxy;
			containerPortal = 4619BDE7207C4D4F00065016 /* Project object */;
			proxyType = 1;
			remoteGlobalIDString = 4619BDEE207C4D4F00065016;
			remoteInfo = "高仿MONO";
		};
		4619BE13207C4D5200065016 /* PBXContainerItemProxy */ = {
			isa = PBXContainerItemProxy;
			containerPortal = 4619BDE7207C4D4F00065016 /* Project object */;
			proxyType = 1;
			remoteGlobalIDString = 4619BDEE207C4D4F00065016;
			remoteInfo = "高仿MONO";
		};
/* End PBXContainerItemProxy section */

/* Begin PBXFileReference section */
		0485C679BF6EEF99B13F787E /* libPods-高仿MONOTests.a */ = {isa = PBXFileReference; explicitFileType = archive.ar; includeInIndex = 0; path = "libPods-高仿MONOTests.a"; sourceTree = BUILT_PRODUCTS_DIR; };
		1EB01A41710D1FA94CA97BC6 /* Pods-高仿MONO.release.xcconfig */ = {isa = PBXFileReference; includeInIndex = 1; lastKnownFileType = text.xcconfig; name = "Pods-高仿MONO.release.xcconfig"; path = "Pods/Target Support Files/Pods-高仿MONO/Pods-高仿MONO.release.xcconfig"; sourceTree = "<group>"; };
		4619BDEF207C4D4F00065016 /* 高仿MONO.app */ = {isa = PBXFileReference; explicitFileType = wrapper.application; includeInIndex = 0; path = "高仿MONO.app"; sourceTree = BUILT_PRODUCTS_DIR; };
		4619BDF2207C4D4F00065016 /* AppDelegate.h */ = {isa = PBXFileReference; lastKnownFileType = sourcecode.c.h; path = AppDelegate.h; sourceTree = "<group>"; };
		4619BDF3207C4D4F00065016 /* AppDelegate.m */ = {isa = PBXFileReference; lastKnownFileType = sourcecode.c.objc; path = AppDelegate.m; sourceTree = "<group>"; };
		4619BDF9207C4D4F00065016 /* Base */ = {isa = PBXFileReference; lastKnownFileType = file.storyboard; name = Base; path = Base.lproj/Main.storyboard; sourceTree = "<group>"; };
		4619BDFE207C4D5200065016 /* Base */ = {isa = PBXFileReference; lastKnownFileType = file.storyboard; name = Base; path = Base.lproj/LaunchScreen.storyboard; sourceTree = "<group>"; };
		4619BE00207C4D5200065016 /* Info.plist */ = {isa = PBXFileReference; lastKnownFileType = text.plist.xml; path = Info.plist; sourceTree = "<group>"; };
		4619BE01207C4D5200065016 /* main.m */ = {isa = PBXFileReference; lastKnownFileType = sourcecode.c.objc; path = main.m; sourceTree = "<group>"; };
		4619BE07207C4D5200065016 /* 高仿MONOTests.xctest */ = {isa = PBXFileReference; explicitFileType = wrapper.cfbundle; includeInIndex = 0; path = "高仿MONOTests.xctest"; sourceTree = BUILT_PRODUCTS_DIR; };
		4619BE0B207C4D5200065016 /* __MONOTests.m */ = {isa = PBXFileReference; lastKnownFileType = sourcecode.c.objc; path = __MONOTests.m; sourceTree = "<group>"; };
		4619BE0D207C4D5200065016 /* Info.plist */ = {isa = PBXFileReference; lastKnownFileType = text.plist.xml; path = Info.plist; sourceTree = "<group>"; };
		4619BE12207C4D5200065016 /* 高仿MONOUITests.xctest */ = {isa = PBXFileReference; explicitFileType = wrapper.cfbundle; includeInIndex = 0; path = "高仿MONOUITests.xctest"; sourceTree = BUILT_PRODUCTS_DIR; };
		4619BE16207C4D5200065016 /* __MONOUITests.m */ = {isa = PBXFileReference; lastKnownFileType = sourcecode.c.objc; path = __MONOUITests.m; sourceTree = "<group>"; };
		4619BE18207C4D5200065016 /* Info.plist */ = {isa = PBXFileReference; lastKnownFileType = text.plist.xml; path = Info.plist; sourceTree = "<group>"; };
		4619BE24207C577900065016 /* image.xcassets */ = {isa = PBXFileReference; lastKnownFileType = folder.assetcatalog; path = image.xcassets; sourceTree = "<group>"; };
		4619BE66207CF7F600065016 /* MNBaseController.h */ = {isa = PBXFileReference; lastKnownFileType = sourcecode.c.h; path = MNBaseController.h; sourceTree = "<group>"; };
		4619BE67207CF7F600065016 /* MNBaseController.m */ = {isa = PBXFileReference; lastKnownFileType = sourcecode.c.objc; path = MNBaseController.m; sourceTree = "<group>"; };
		4619BE6C207CF88200065016 /* RecommendVC.h */ = {isa = PBXFileReference; lastKnownFileType = sourcecode.c.h; path = RecommendVC.h; sourceTree = "<group>"; };
		4619BE6D207CF88200065016 /* RecommendVC.m */ = {isa = PBXFileReference; lastKnownFileType = sourcecode.c.objc; path = RecommendVC.m; sourceTree = "<group>"; };
		4619BE6F207CF8A200065016 /* DiscoverVC.h */ = {isa = PBXFileReference; lastKnownFileType = sourcecode.c.h; path = DiscoverVC.h; sourceTree = "<group>"; };
		4619BE70207CF8A200065016 /* DiscoverVC.m */ = {isa = PBXFileReference; lastKnownFileType = sourcecode.c.objc; path = DiscoverVC.m; sourceTree = "<group>"; };
		4619BE72207CF8C100065016 /* CommunityVC.h */ = {isa = PBXFileReference; lastKnownFileType = sourcecode.c.h; path = CommunityVC.h; sourceTree = "<group>"; };
		4619BE73207CF8C100065016 /* CommunityVC.m */ = {isa = PBXFileReference; lastKnownFileType = sourcecode.c.objc; path = CommunityVC.m; sourceTree = "<group>"; };
		4619BE75207CF8D800065016 /* MineVC.h */ = {isa = PBXFileReference; lastKnownFileType = sourcecode.c.h; path = MineVC.h; sourceTree = "<group>"; };
		4619BE76207CF8D800065016 /* MineVC.m */ = {isa = PBXFileReference; lastKnownFileType = sourcecode.c.objc; path = MineVC.m; sourceTree = "<group>"; };
		4619BE78207CF95300065016 /* MNTabbarConfig.h */ = {isa = PBXFileReference; lastKnownFileType = sourcecode.c.h; path = MNTabbarConfig.h; sourceTree = "<group>"; };
		4619BE79207CF95300065016 /* MNTabbarConfig.m */ = {isa = PBXFileReference; lastKnownFileType = sourcecode.c.objc; path = MNTabbarConfig.m; sourceTree = "<group>"; };
		4619BE7B207CF99F00065016 /* MNNavigationController.h */ = {isa = PBXFileReference; lastKnownFileType = sourcecode.c.h; path = MNNavigationController.h; sourceTree = "<group>"; };
		4619BE7C207CF99F00065016 /* MNNavigationController.m */ = {isa = PBXFileReference; lastKnownFileType = sourcecode.c.objc; path = MNNavigationController.m; sourceTree = "<group>"; };
		4619BE7E207D0A4300065016 /* MNBaseTabbarController.h */ = {isa = PBXFileReference; lastKnownFileType = sourcecode.c.h; path = MNBaseTabbarController.h; sourceTree = "<group>"; };
		4619BE7F207D0A4300065016 /* MNBaseTabbarController.m */ = {isa = PBXFileReference; lastKnownFileType = sourcecode.c.objc; path = MNBaseTabbarController.m; sourceTree = "<group>"; };
		46D5430E2083382900C38643 /* MNNetworkTool.h */ = {isa = PBXFileReference; fileEncoding = 4; lastKnownFileType = sourcecode.c.h; path = MNNetworkTool.h; sourceTree = "<group>"; };
		46D5430F2083382A00C38643 /* MNNetworkTool.m */ = {isa = PBXFileReference; fileEncoding = 4; lastKnownFileType = sourcecode.c.objc; path = MNNetworkTool.m; sourceTree = "<group>"; };
		46E67BCD207DFAE00089AD25 /* MNPrefix.pch */ = {isa = PBXFileReference; lastKnownFileType = sourcecode.c.h; path = MNPrefix.pch; sourceTree = "<group>"; };
		46E67BCF207E55E20089AD25 /* SPPageMenu.m */ = {isa = PBXFileReference; fileEncoding = 4; lastKnownFileType = sourcecode.c.objc; path = SPPageMenu.m; sourceTree = "<group>"; };
		46E67BD0207E55E20089AD25 /* SPPageMenu.h */ = {isa = PBXFileReference; fileEncoding = 4; lastKnownFileType = sourcecode.c.h; path = SPPageMenu.h; sourceTree = "<group>"; };
		5243C0A2A91906272ED2C674 /* Pods-高仿MONO.debug.xcconfig */ = {isa = PBXFileReference; includeInIndex = 1; lastKnownFileType = text.xcconfig; name = "Pods-高仿MONO.debug.xcconfig"; path = "Pods/Target Support Files/Pods-高仿MONO/Pods-高仿MONO.debug.xcconfig"; sourceTree = "<group>"; };
		F3B1967B1A214406558A4F20 /* libPods-高仿MONOUITests.a */ = {isa = PBXFileReference; explicitFileType = archive.ar; includeInIndex = 0; path = "libPods-高仿MONOUITests.a"; sourceTree = BUILT_PRODUCTS_DIR; };
		FC183F150C2C571F8B7BC729 /* libPods-高仿MONO.a */ = {isa = PBXFileReference; explicitFileType = archive.ar; includeInIndex = 0; path = "libPods-高仿MONO.a"; sourceTree = BUILT_PRODUCTS_DIR; };
/* End PBXFileReference section */

/* Begin PBXFrameworksBuildPhase section */
		4619BDEC207C4D4F00065016 /* Frameworks */ = {
			isa = PBXFrameworksBuildPhase;
			buildActionMask = 2147483647;
			files = (
				F32AEF373ABABF531789A361 /* libPods-高仿MONO.a in Frameworks */,
			);
			runOnlyForDeploymentPostprocessing = 0;
		};
		4619BE04207C4D5200065016 /* Frameworks */ = {
			isa = PBXFrameworksBuildPhase;
			buildActionMask = 2147483647;
			files = (
			);
			runOnlyForDeploymentPostprocessing = 0;
		};
		4619BE0F207C4D5200065016 /* Frameworks */ = {
			isa = PBXFrameworksBuildPhase;
			buildActionMask = 2147483647;
			files = (
			);
			runOnlyForDeploymentPostprocessing = 0;
		};
/* End PBXFrameworksBuildPhase section */

/* Begin PBXGroup section */
		4619BDE6207C4D4F00065016 = {
			isa = PBXGroup;
			children = (
				4619BDF1207C4D4F00065016 /* 高仿MONO */,
				4619BE0A207C4D5200065016 /* 高仿MONOTests */,
				4619BE15207C4D5200065016 /* 高仿MONOUITests */,
				4619BDF0207C4D4F00065016 /* Products */,
				E3F66D3FF0C76F27375BBAB9 /* Pods */,
				D2F38477866417EDCCBEF3EE /* Frameworks */,
			);
			sourceTree = "<group>";
		};
		4619BDF0207C4D4F00065016 /* Products */ = {
			isa = PBXGroup;
			children = (
				4619BDEF207C4D4F00065016 /* 高仿MONO.app */,
				4619BE07207C4D5200065016 /* 高仿MONOTests.xctest */,
				4619BE12207C4D5200065016 /* 高仿MONOUITests.xctest */,
			);
			name = Products;
			sourceTree = "<group>";
		};
		4619BDF1207C4D4F00065016 /* 高仿MONO */ = {
			isa = PBXGroup;
			children = (
				46E67BCE207E55D60089AD25 /* Third */,
				4619BDF2207C4D4F00065016 /* AppDelegate.h */,
				4619BDF3207C4D4F00065016 /* AppDelegate.m */,
				46D5430D2083380800C38643 /* Tool */,
				4619BE66207CF7F600065016 /* MNBaseController.h */,
				4619BE67207CF7F600065016 /* MNBaseController.m */,
				4619BE7E207D0A4300065016 /* MNBaseTabbarController.h */,
				4619BE7F207D0A4300065016 /* MNBaseTabbarController.m */,
				4619BE6C207CF88200065016 /* RecommendVC.h */,
				4619BE6D207CF88200065016 /* RecommendVC.m */,
				4619BE6F207CF8A200065016 /* DiscoverVC.h */,
				4619BE70207CF8A200065016 /* DiscoverVC.m */,
				4619BE72207CF8C100065016 /* CommunityVC.h */,
				4619BE73207CF8C100065016 /* CommunityVC.m */,
				4619BE78207CF95300065016 /* MNTabbarConfig.h */,
				4619BE79207CF95300065016 /* MNTabbarConfig.m */,
				4619BE7B207CF99F00065016 /* MNNavigationController.h */,
				4619BE7C207CF99F00065016 /* MNNavigationController.m */,
				46E67BCD207DFAE00089AD25 /* MNPrefix.pch */,
				4619BE75207CF8D800065016 /* MineVC.h */,
				4619BE76207CF8D800065016 /* MineVC.m */,
				4619BE24207C577900065016 /* image.xcassets */,
				4619BDF8207C4D4F00065016 /* Main.storyboard */,
				4619BDFD207C4D5200065016 /* LaunchScreen.storyboard */,
				4619BE00207C4D5200065016 /* Info.plist */,
				4619BE01207C4D5200065016 /* main.m */,
			);
			path = "高仿MONO";
			sourceTree = "<group>";
		};
		4619BE0A207C4D5200065016 /* 高仿MONOTests */ = {
			isa = PBXGroup;
			children = (
				4619BE0B207C4D5200065016 /* __MONOTests.m */,
				4619BE0D207C4D5200065016 /* Info.plist */,
			);
			path = "高仿MONOTests";
			sourceTree = "<group>";
		};
		4619BE15207C4D5200065016 /* 高仿MONOUITests */ = {
			isa = PBXGroup;
			children = (
				4619BE16207C4D5200065016 /* __MONOUITests.m */,
				4619BE18207C4D5200065016 /* Info.plist */,
			);
			path = "高仿MONOUITests";
			sourceTree = "<group>";
		};
		46D5430D2083380800C38643 /* Tool */ = {
			isa = PBXGroup;
			children = (
				46D5430E2083382900C38643 /* MNNetworkTool.h */,
				46D5430F2083382A00C38643 /* MNNetworkTool.m */,
			);
			path = Tool;
			sourceTree = "<group>";
		};
		46E67BCE207E55D60089AD25 /* Third */ = {
			isa = PBXGroup;
			children = (
				46E67BD0207E55E20089AD25 /* SPPageMenu.h */,
				46E67BCF207E55E20089AD25 /* SPPageMenu.m */,
			);
			path = Third;
			sourceTree = "<group>";
		};
		D2F38477866417EDCCBEF3EE /* Frameworks */ = {
			isa = PBXGroup;
			children = (
				FC183F150C2C571F8B7BC729 /* libPods-高仿MONO.a */,
				0485C679BF6EEF99B13F787E /* libPods-高仿MONOTests.a */,
				F3B1967B1A214406558A4F20 /* libPods-高仿MONOUITests.a */,
			);
			name = Frameworks;
			sourceTree = "<group>";
		};
		E3F66D3FF0C76F27375BBAB9 /* Pods */ = {
			isa = PBXGroup;
			children = (
				5243C0A2A91906272ED2C674 /* Pods-高仿MONO.debug.xcconfig */,
				1EB01A41710D1FA94CA97BC6 /* Pods-高仿MONO.release.xcconfig */,
			);
			name = Pods;
			sourceTree = "<group>";
		};
/* End PBXGroup section */

/* Begin PBXNativeTarget section */
		4619BDEE207C4D4F00065016 /* 高仿MONO */ = {
			isa = PBXNativeTarget;
			buildConfigurationList = 4619BE1B207C4D5200065016 /* Build configuration list for PBXNativeTarget "高仿MONO" */;
			buildPhases = (
				434D4D54EE358A67576BE86F /* [CP] Check Pods Manifest.lock */,
				4619BDEB207C4D4F00065016 /* Sources */,
				4619BDEC207C4D4F00065016 /* Frameworks */,
				4619BDED207C4D4F00065016 /* Resources */,
				C8D952CA877CA71F43817E55 /* [CP] Copy Pods Resources */,
			);
			buildRules = (
			);
			dependencies = (
			);
			name = "高仿MONO";
			productName = "高仿MONO";
			productReference = 4619BDEF207C4D4F00065016 /* 高仿MONO.app */;
			productType = "com.apple.product-type.application";
		};
		4619BE06207C4D5200065016 /* 高仿MONOTests */ = {
			isa = PBXNativeTarget;
			buildConfigurationList = 4619BE1E207C4D5200065016 /* Build configuration list for PBXNativeTarget "高仿MONOTests" */;
			buildPhases = (
				4619BE03207C4D5200065016 /* Sources */,
				4619BE04207C4D5200065016 /* Frameworks */,
				4619BE05207C4D5200065016 /* Resources */,
			);
			buildRules = (
			);
			dependencies = (
				4619BE09207C4D5200065016 /* PBXTargetDependency */,
			);
			name = "高仿MONOTests";
			productName = "高仿MONOTests";
			productReference = 4619BE07207C4D5200065016 /* 高仿MONOTests.xctest */;
			productType = "com.apple.product-type.bundle.unit-test";
		};
		4619BE11207C4D5200065016 /* 高仿MONOUITests */ = {
			isa = PBXNativeTarget;
			buildConfigurationList = 4619BE21207C4D5200065016 /* Build configuration list for PBXNativeTarget "高仿MONOUITests" */;
			buildPhases = (
				4619BE0E207C4D5200065016 /* Sources */,
				4619BE0F207C4D5200065016 /* Frameworks */,
				4619BE10207C4D5200065016 /* Resources */,
			);
			buildRules = (
			);
			dependencies = (
				4619BE14207C4D5200065016 /* PBXTargetDependency */,
			);
			name = "高仿MONOUITests";
			productName = "高仿MONOUITests";
			productReference = 4619BE12207C4D5200065016 /* 高仿MONOUITests.xctest */;
			productType = "com.apple.product-type.bundle.ui-testing";
		};
/* End PBXNativeTarget section */

/* Begin PBXProject section */
		4619BDE7207C4D4F00065016 /* Project object */ = {
			isa = PBXProject;
			attributes = {
				LastUpgradeCheck = 0930;
				ORGANIZATIONNAME = "徐茂怀";
				TargetAttributes = {
					4619BDEE207C4D4F00065016 = {
						CreatedOnToolsVersion = 9.3;
					};
					4619BE06207C4D5200065016 = {
						CreatedOnToolsVersion = 9.3;
						TestTargetID = 4619BDEE207C4D4F00065016;
					};
					4619BE11207C4D5200065016 = {
						CreatedOnToolsVersion = 9.3;
						TestTargetID = 4619BDEE207C4D4F00065016;
					};
				};
			};
			buildConfigurationList = 4619BDEA207C4D4F00065016 /* Build configuration list for PBXProject "高仿MONO" */;
			compatibilityVersion = "Xcode 9.3";
			developmentRegion = en;
			hasScannedForEncodings = 0;
			knownRegions = (
				en,
				Base,
			);
			mainGroup = 4619BDE6207C4D4F00065016;
			productRefGroup = 4619BDF0207C4D4F00065016 /* Products */;
			projectDirPath = "";
			projectRoot = "";
			targets = (
				4619BDEE207C4D4F00065016 /* 高仿MONO */,
				4619BE06207C4D5200065016 /* 高仿MONOTests */,
				4619BE11207C4D5200065016 /* 高仿MONOUITests */,
			);
		};
/* End PBXProject section */

/* Begin PBXResourcesBuildPhase section */
		4619BDED207C4D4F00065016 /* Resources */ = {
			isa = PBXResourcesBuildPhase;
			buildActionMask = 2147483647;
			files = (
				4619BE25207C577A00065016 /* image.xcassets in Resources */,
				4619BDFF207C4D5200065016 /* LaunchScreen.storyboard in Resources */,
				4619BDFA207C4D4F00065016 /* Main.storyboard in Resources */,
			);
			runOnlyForDeploymentPostprocessing = 0;
		};
		4619BE05207C4D5200065016 /* Resources */ = {
			isa = PBXResourcesBuildPhase;
			buildActionMask = 2147483647;
			files = (
			);
			runOnlyForDeploymentPostprocessing = 0;
		};
		4619BE10207C4D5200065016 /* Resources */ = {
			isa = PBXResourcesBuildPhase;
			buildActionMask = 2147483647;
			files = (
			);
			runOnlyForDeploymentPostprocessing = 0;
		};
/* End PBXResourcesBuildPhase section */

/* Begin PBXShellScriptBuildPhase section */
		434D4D54EE358A67576BE86F /* [CP] Check Pods Manifest.lock */ = {
			isa = PBXShellScriptBuildPhase;
			buildActionMask = 2147483647;
			files = (
			);
			inputPaths = (
				"${PODS_PODFILE_DIR_PATH}/Podfile.lock",
				"${PODS_ROOT}/Manifest.lock",
			);
			name = "[CP] Check Pods Manifest.lock";
			outputPaths = (
				"$(DERIVED_FILE_DIR)/Pods-高仿MONO-checkManifestLockResult.txt",
			);
			runOnlyForDeploymentPostprocessing = 0;
			shellPath = /bin/sh;
			shellScript = "diff \"${PODS_PODFILE_DIR_PATH}/Podfile.lock\" \"${PODS_ROOT}/Manifest.lock\" > /dev/null\nif [ $? != 0 ] ; then\n    # print error to STDERR\n    echo \"error: The sandbox is not in sync with the Podfile.lock. Run 'pod install' or update your CocoaPods installation.\" >&2\n    exit 1\nfi\n# This output is used by Xcode 'outputs' to avoid re-running this script phase.\necho \"SUCCESS\" > \"${SCRIPT_OUTPUT_FILE_0}\"\n";
			showEnvVarsInLog = 0;
		};
		C8D952CA877CA71F43817E55 /* [CP] Copy Pods Resources */ = {
			isa = PBXShellScriptBuildPhase;
			buildActionMask = 2147483647;
			files = (
			);
			inputPaths = (
				"${SRCROOT}/Pods/Target Support Files/Pods-高仿MONO/Pods-高仿MONO-resources.sh",
				"${PODS_ROOT}/IQKeyboardManager/IQKeyboardManager/Resources/IQKeyboardManager.bundle",
				"${PODS_ROOT}/MJRefresh/MJRefresh/MJRefresh.bundle",
				"${PODS_ROOT}/SVProgressHUD/SVProgressHUD/SVProgressHUD.bundle",
			);
			name = "[CP] Copy Pods Resources";
			outputPaths = (
				"${TARGET_BUILD_DIR}/${UNLOCALIZED_RESOURCES_FOLDER_PATH}/IQKeyboardManager.bundle",
				"${TARGET_BUILD_DIR}/${UNLOCALIZED_RESOURCES_FOLDER_PATH}/MJRefresh.bundle",
				"${TARGET_BUILD_DIR}/${UNLOCALIZED_RESOURCES_FOLDER_PATH}/SVProgressHUD.bundle",
			);
			runOnlyForDeploymentPostprocessing = 0;
			shellPath = /bin/sh;
			shellScript = "\"${SRCROOT}/Pods/Target Support Files/Pods-高仿MONO/Pods-高仿MONO-resources.sh\"\n";
			showEnvVarsInLog = 0;
		};
/* End PBXShellScriptBuildPhase section */

/* Begin PBXSourcesBuildPhase section */
		4619BDEB207C4D4F00065016 /* Sources */ = {
			isa = PBXSourcesBuildPhase;
			buildActionMask = 2147483647;
			files = (
				4619BE68207CF7F600065016 /* MNBaseController.m in Sources */,
				46D543102083382B00C38643 /* MNNetworkTool.m in Sources */,
				46E67BD1207E55E20089AD25 /* SPPageMenu.m in Sources */,
				4619BE02207C4D5200065016 /* main.m in Sources */,
				4619BE7A207CF95300065016 /* MNTabbarConfig.m in Sources */,
				4619BE80207D0A4300065016 /* MNBaseTabbarController.m in Sources */,
				4619BE74207CF8C100065016 /* CommunityVC.m in Sources */,
				4619BDF4207C4D4F00065016 /* AppDelegate.m in Sources */,
				4619BE71207CF8A200065016 /* DiscoverVC.m in Sources */,
				4619BE77207CF8D800065016 /* MineVC.m in Sources */,
				4619BE6E207CF88200065016 /* RecommendVC.m in Sources */,
				4619BE7D207CF99F00065016 /* MNNavigationController.m in Sources */,
			);
			runOnlyForDeploymentPostprocessing = 0;
		};
		4619BE03207C4D5200065016 /* Sources */ = {
			isa = PBXSourcesBuildPhase;
			buildActionMask = 2147483647;
			files = (
				4619BE0C207C4D5200065016 /* __MONOTests.m in Sources */,
			);
			runOnlyForDeploymentPostprocessing = 0;
		};
		4619BE0E207C4D5200065016 /* Sources */ = {
			isa = PBXSourcesBuildPhase;
			buildActionMask = 2147483647;
			files = (
				4619BE17207C4D5200065016 /* __MONOUITests.m in Sources */,
			);
			runOnlyForDeploymentPostprocessing = 0;
		};
/* End PBXSourcesBuildPhase section */

/* Begin PBXTargetDependency section */
		4619BE09207C4D5200065016 /* PBXTargetDependency */ = {
			isa = PBXTargetDependency;
			target = 4619BDEE207C4D4F00065016 /* 高仿MONO */;
			targetProxy = 4619BE08207C4D5200065016 /* PBXContainerItemProxy */;
		};
		4619BE14207C4D5200065016 /* PBXTargetDependency */ = {
			isa = PBXTargetDependency;
			target = 4619BDEE207C4D4F00065016 /* 高仿MONO */;
			targetProxy = 4619BE13207C4D5200065016 /* PBXContainerItemProxy */;
		};
/* End PBXTargetDependency section */

/* Begin PBXVariantGroup section */
		4619BDF8207C4D4F00065016 /* Main.storyboard */ = {
			isa = PBXVariantGroup;
			children = (
				4619BDF9207C4D4F00065016 /* Base */,
			);
			name = Main.storyboard;
			sourceTree = "<group>";
		};
		4619BDFD207C4D5200065016 /* LaunchScreen.storyboard */ = {
			isa = PBXVariantGroup;
			children = (
				4619BDFE207C4D5200065016 /* Base */,
			);
			name = LaunchScreen.storyboard;
			sourceTree = "<group>";
		};
/* End PBXVariantGroup section */

/* Begin XCBuildConfiguration section */
		4619BE19207C4D5200065016 /* Debug */ = {
			isa = XCBuildConfiguration;
			buildSettings = {
				ALWAYS_SEARCH_USER_PATHS = NO;
				CLANG_ANALYZER_NONNULL = YES;
				CLANG_ANALYZER_NUMBER_OBJECT_CONVERSION = YES_AGGRESSIVE;
				CLANG_CXX_LANGUAGE_STANDARD = "gnu++14";
				CLANG_CXX_LIBRARY = "libc++";
				CLANG_ENABLE_MODULES = YES;
				CLANG_ENABLE_OBJC_ARC = YES;
				CLANG_ENABLE_OBJC_WEAK = YES;
				CLANG_WARN_BLOCK_CAPTURE_AUTORELEASING = YES;
				CLANG_WARN_BOOL_CONVERSION = YES;
				CLANG_WARN_COMMA = YES;
				CLANG_WARN_CONSTANT_CONVERSION = YES;
				CLANG_WARN_DEPRECATED_OBJC_IMPLEMENTATIONS = YES;
				CLANG_WARN_DIRECT_OBJC_ISA_USAGE = YES_ERROR;
				CLANG_WARN_DOCUMENTATION_COMMENTS = YES;
				CLANG_WARN_EMPTY_BODY = YES;
				CLANG_WARN_ENUM_CONVERSION = YES;
				CLANG_WARN_INFINITE_RECURSION = YES;
				CLANG_WARN_INT_CONVERSION = YES;
				CLANG_WARN_NON_LITERAL_NULL_CONVERSION = YES;
				CLANG_WARN_OBJC_IMPLICIT_RETAIN_SELF = YES;
				CLANG_WARN_OBJC_LITERAL_CONVERSION = YES;
				CLANG_WARN_OBJC_ROOT_CLASS = YES_ERROR;
				CLANG_WARN_RANGE_LOOP_ANALYSIS = YES;
				CLANG_WARN_STRICT_PROTOTYPES = YES;
				CLANG_WARN_SUSPICIOUS_MOVE = YES;
				CLANG_WARN_UNGUARDED_AVAILABILITY = YES_AGGRESSIVE;
				CLANG_WARN_UNREACHABLE_CODE = YES;
				CLANG_WARN__DUPLICATE_METHOD_MATCH = YES;
				CODE_SIGN_IDENTITY = "iPhone Developer";
				COPY_PHASE_STRIP = NO;
				DEBUG_INFORMATION_FORMAT = dwarf;
				ENABLE_STRICT_OBJC_MSGSEND = YES;
				ENABLE_TESTABILITY = YES;
				GCC_C_LANGUAGE_STANDARD = gnu11;
				GCC_DYNAMIC_NO_PIC = NO;
				GCC_NO_COMMON_BLOCKS = YES;
				GCC_OPTIMIZATION_LEVEL = 0;
				GCC_PREPROCESSOR_DEFINITIONS = (
					"DEBUG=1",
					"$(inherited)",
				);
				GCC_WARN_64_TO_32_BIT_CONVERSION = YES;
				GCC_WARN_ABOUT_RETURN_TYPE = YES_ERROR;
				GCC_WARN_UNDECLARED_SELECTOR = YES;
				GCC_WARN_UNINITIALIZED_AUTOS = YES_AGGRESSIVE;
				GCC_WARN_UNUSED_FUNCTION = YES;
				GCC_WARN_UNUSED_VARIABLE = YES;
				IPHONEOS_DEPLOYMENT_TARGET = 11.3;
				MTL_ENABLE_DEBUG_INFO = YES;
				ONLY_ACTIVE_ARCH = YES;
				SDKROOT = iphoneos;
			};
			name = Debug;
		};
		4619BE1A207C4D5200065016 /* Release */ = {
			isa = XCBuildConfiguration;
			buildSettings = {
				ALWAYS_SEARCH_USER_PATHS = NO;
				CLANG_ANALYZER_NONNULL = YES;
				CLANG_ANALYZER_NUMBER_OBJECT_CONVERSION = YES_AGGRESSIVE;
				CLANG_CXX_LANGUAGE_STANDARD = "gnu++14";
				CLANG_CXX_LIBRARY = "libc++";
				CLANG_ENABLE_MODULES = YES;
				CLANG_ENABLE_OBJC_ARC = YES;
				CLANG_ENABLE_OBJC_WEAK = YES;
				CLANG_WARN_BLOCK_CAPTURE_AUTORELEASING = YES;
				CLANG_WARN_BOOL_CONVERSION = YES;
				CLANG_WARN_COMMA = YES;
				CLANG_WARN_CONSTANT_CONVERSION = YES;
				CLANG_WARN_DEPRECATED_OBJC_IMPLEMENTATIONS = YES;
				CLANG_WARN_DIRECT_OBJC_ISA_USAGE = YES_ERROR;
				CLANG_WARN_DOCUMENTATION_COMMENTS = YES;
				CLANG_WARN_EMPTY_BODY = YES;
				CLANG_WARN_ENUM_CONVERSION = YES;
				CLANG_WARN_INFINITE_RECURSION = YES;
				CLANG_WARN_INT_CONVERSION = YES;
				CLANG_WARN_NON_LITERAL_NULL_CONVERSION = YES;
				CLANG_WARN_OBJC_IMPLICIT_RETAIN_SELF = YES;
				CLANG_WARN_OBJC_LITERAL_CONVERSION = YES;
				CLANG_WARN_OBJC_ROOT_CLASS = YES_ERROR;
				CLANG_WARN_RANGE_LOOP_ANALYSIS = YES;
				CLANG_WARN_STRICT_PROTOTYPES = YES;
				CLANG_WARN_SUSPICIOUS_MOVE = YES;
				CLANG_WARN_UNGUARDED_AVAILABILITY = YES_AGGRESSIVE;
				CLANG_WARN_UNREACHABLE_CODE = YES;
				CLANG_WARN__DUPLICATE_METHOD_MATCH = YES;
				CODE_SIGN_IDENTITY = "iPhone Developer";
				COPY_PHASE_STRIP = NO;
				DEBUG_INFORMATION_FORMAT = "dwarf-with-dsym";
				ENABLE_NS_ASSERTIONS = NO;
				ENABLE_STRICT_OBJC_MSGSEND = YES;
				GCC_C_LANGUAGE_STANDARD = gnu11;
				GCC_NO_COMMON_BLOCKS = YES;
				GCC_WARN_64_TO_32_BIT_CONVERSION = YES;
				GCC_WARN_ABOUT_RETURN_TYPE = YES_ERROR;
				GCC_WARN_UNDECLARED_SELECTOR = YES;
				GCC_WARN_UNINITIALIZED_AUTOS = YES_AGGRESSIVE;
				GCC_WARN_UNUSED_FUNCTION = YES;
				GCC_WARN_UNUSED_VARIABLE = YES;
				IPHONEOS_DEPLOYMENT_TARGET = 11.3;
				MTL_ENABLE_DEBUG_INFO = NO;
				SDKROOT = iphoneos;
				VALIDATE_PRODUCT = YES;
			};
			name = Release;
		};
		4619BE1C207C4D5200065016 /* Debug */ = {
			isa = XCBuildConfiguration;
			baseConfigurationReference = 5243C0A2A91906272ED2C674 /* Pods-高仿MONO.debug.xcconfig */;
			buildSettings = {
				ASSETCATALOG_COMPILER_APPICON_NAME = AppIcon;
				ASSETCATALOG_COMPILER_LAUNCHIMAGE_NAME = LaunchImage;
				CODE_SIGN_STYLE = Automatic;
				DEVELOPMENT_TEAM = 6EUCP69KUN;
				INFOPLIST_FILE = "高仿MONO/Info.plist";
				IPHONEOS_DEPLOYMENT_TARGET = 9.0;
				LD_RUNPATH_SEARCH_PATHS = (
					"$(inherited)",
					"@executable_path/Frameworks",
				);
				PRODUCT_BUNDLE_IDENTIFIER = "com.MONO.star.--MONO";
				PRODUCT_NAME = "$(TARGET_NAME)";
				TARGETED_DEVICE_FAMILY = 1;
			};
			name = Debug;
		};
		4619BE1D207C4D5200065016 /* Release */ = {
			isa = XCBuildConfiguration;
			baseConfigurationReference = 1EB01A41710D1FA94CA97BC6 /* Pods-高仿MONO.release.xcconfig */;
			buildSettings = {
				ASSETCATALOG_COMPILER_APPICON_NAME = AppIcon;
				ASSETCATALOG_COMPILER_LAUNCHIMAGE_NAME = LaunchImage;
				CODE_SIGN_STYLE = Automatic;
				DEVELOPMENT_TEAM = 6EUCP69KUN;
				INFOPLIST_FILE = "高仿MONO/Info.plist";
				IPHONEOS_DEPLOYMENT_TARGET = 9.0;
				LD_RUNPATH_SEARCH_PATHS = (
					"$(inherited)",
					"@executable_path/Frameworks",
				);
				PRODUCT_BUNDLE_IDENTIFIER = "com.MONO.star.--MONO";
				PRODUCT_NAME = "$(TARGET_NAME)";
				TARGETED_DEVICE_FAMILY = 1;
			};
			name = Release;
		};
		4619BE1F207C4D5200065016 /* Debug */ = {
			isa = XCBuildConfiguration;
			buildSettings = {
				BUNDLE_LOADER = "$(TEST_HOST)";
				CODE_SIGN_STYLE = Automatic;
				DEVELOPMENT_TEAM = 6EUCP69KUN;
				INFOPLIST_FILE = "高仿MONOTests/Info.plist";
				LD_RUNPATH_SEARCH_PATHS = (
					"$(inherited)",
					"@executable_path/Frameworks",
					"@loader_path/Frameworks",
				);
				PRODUCT_BUNDLE_IDENTIFIER = "com.MONO.star.--MONOTests";
				PRODUCT_NAME = "$(TARGET_NAME)";
				TARGETED_DEVICE_FAMILY = "1,2";
				TEST_HOST = "$(BUILT_PRODUCTS_DIR)/高仿MONO.app/高仿MONO";
			};
			name = Debug;
		};
		4619BE20207C4D5200065016 /* Release */ = {
			isa = XCBuildConfiguration;
			buildSettings = {
				BUNDLE_LOADER = "$(TEST_HOST)";
				CODE_SIGN_STYLE = Automatic;
				DEVELOPMENT_TEAM = 6EUCP69KUN;
				INFOPLIST_FILE = "高仿MONOTests/Info.plist";
				LD_RUNPATH_SEARCH_PATHS = (
					"$(inherited)",
					"@executable_path/Frameworks",
					"@loader_path/Frameworks",
				);
				PRODUCT_BUNDLE_IDENTIFIER = "com.MONO.star.--MONOTests";
				PRODUCT_NAME = "$(TARGET_NAME)";
				TARGETED_DEVICE_FAMILY = "1,2";
				TEST_HOST = "$(BUILT_PRODUCTS_DIR)/高仿MONO.app/高仿MONO";
			};
			name = Release;
		};
		4619BE22207C4D5200065016 /* Debug */ = {
			isa = XCBuildConfiguration;
			buildSettings = {
				CODE_SIGN_STYLE = Automatic;
				DEVELOPMENT_TEAM = 6EUCP69KUN;
				INFOPLIST_FILE = "高仿MONOUITests/Info.plist";
				LD_RUNPATH_SEARCH_PATHS = (
					"$(inherited)",
					"@executable_path/Frameworks",
					"@loader_path/Frameworks",
				);
				PRODUCT_BUNDLE_IDENTIFIER = "com.MONO.star.--MONOUITests";
				PRODUCT_NAME = "$(TARGET_NAME)";
				TARGETED_DEVICE_FAMILY = "1,2";
				TEST_TARGET_NAME = "高仿MONO";
			};
			name = Debug;
		};
		4619BE23207C4D5200065016 /* Release */ = {
			isa = XCBuildConfiguration;
			buildSettings = {
				CODE_SIGN_STYLE = Automatic;
				DEVELOPMENT_TEAM = 6EUCP69KUN;
				INFOPLIST_FILE = "高仿MONOUITests/Info.plist";
				LD_RUNPATH_SEARCH_PATHS = (
					"$(inherited)",
					"@executable_path/Frameworks",
					"@loader_path/Frameworks",
				);
				PRODUCT_BUNDLE_IDENTIFIER = "com.MONO.star.--MONOUITests";
				PRODUCT_NAME = "$(TARGET_NAME)";
				TARGETED_DEVICE_FAMILY = "1,2";
				TEST_TARGET_NAME = "高仿MONO";
			};
			name = Release;
		};
/* End XCBuildConfiguration section */

/* Begin XCConfigurationList section */
		4619BDEA207C4D4F00065016 /* Build configuration list for PBXProject "高仿MONO" */ = {
			isa = XCConfigurationList;
			buildConfigurations = (
				4619BE19207C4D5200065016 /* Debug */,
				4619BE1A207C4D5200065016 /* Release */,
			);
			defaultConfigurationIsVisible = 0;
			defaultConfigurationName = Release;
		};
		4619BE1B207C4D5200065016 /* Build configuration list for PBXNativeTarget "高仿MONO" */ = {
			isa = XCConfigurationList;
			buildConfigurations = (
				4619BE1C207C4D5200065016 /* Debug */,
				4619BE1D207C4D5200065016 /* Release */,
			);
			defaultConfigurationIsVisible = 0;
			defaultConfigurationName = Release;
		};
		4619BE1E207C4D5200065016 /* Build configuration list for PBXNativeTarget "高仿MONOTests" */ = {
			isa = XCConfigurationList;
			buildConfigurations = (
				4619BE1F207C4D5200065016 /* Debug */,
				4619BE20207C4D5200065016 /* Release */,
			);
			defaultConfigurationIsVisible = 0;
			defaultConfigurationName = Release;
		};
		4619BE21207C4D5200065016 /* Build configuration list for PBXNativeTarget "高仿MONOUITests" */ = {
			isa = XCConfigurationList;
			buildConfigurations = (
				4619BE22207C4D5200065016 /* Debug */,
				4619BE23207C4D5200065016 /* Release */,
			);
			defaultConfigurationIsVisible = 0;
			defaultConfigurationName = Release;
		};
/* End XCConfigurationList section */
	};
	rootObject = 4619BDE7207C4D4F00065016 /* Project object */;
}
