// !$*UTF8*$!
{
	archiveVersion = 1;
	classes = {
	};
	objectVersion = 50;
	objects = {

/* Begin PBXBuildFile section */
		46184930208B322B00D076B3 /* RecommendNetWork.m in Sources */ = {isa = PBXBuildFile; fileRef = 4618492F208B322B00D076B3 /* RecommendNetWork.m */; };
		46184933208DB81600D076B3 /* MNRefreshBlackHeader.m in Sources */ = {isa = PBXBuildFile; fileRef = 46184932208DB81600D076B3 /* MNRefreshBlackHeader.m */; };
		46184939208DBD8500D076B3 /* MNRefreshFooter.m in Sources */ = {isa = PBXBuildFile; fileRef = 46184938208DBD8500D076B3 /* MNRefreshFooter.m */; };
		4618493C208DC2B200D076B3 /* RecommendTypeVC.m in Sources */ = {isa = PBXBuildFile; fileRef = 4618493B208DC2B200D076B3 /* RecommendTypeVC.m */; };
		4618493F208DCD5600D076B3 /* NSArray+MHAdd.m in Sources */ = {isa = PBXBuildFile; fileRef = 4618493E208DCD5600D076B3 /* NSArray+MHAdd.m */; };
		46184942208E183900D076B3 /* MNBaseTableViewCell.m in Sources */ = {isa = PBXBuildFile; fileRef = 46184941208E183900D076B3 /* MNBaseTableViewCell.m */; };
		46184945208E194000D076B3 /* RecommendReadCell.m in Sources */ = {isa = PBXBuildFile; fileRef = 46184944208E194000D076B3 /* RecommendReadCell.m */; };
		46184948208E196900D076B3 /* RecommendCellTitleView.m in Sources */ = {isa = PBXBuildFile; fileRef = 46184947208E196900D076B3 /* RecommendCellTitleView.m */; };
		46184954208EBCEF00D076B3 /* NSDictionary+Additions.m in Sources */ = {isa = PBXBuildFile; fileRef = 46184953208EBCEF00D076B3 /* NSDictionary+Additions.m */; };
		46184957208ED4ED00D076B3 /* NSObject+Additions.m in Sources */ = {isa = PBXBuildFile; fileRef = 46184956208ED4ED00D076B3 /* NSObject+Additions.m */; };
		4618495D208EDFEB00D076B3 /* UIImageView+WebLoad.m in Sources */ = {isa = PBXBuildFile; fileRef = 4618495C208EDFEB00D076B3 /* UIImageView+WebLoad.m */; };
		46184960208EFA4500D076B3 /* MBProgressHUD+Message.m in Sources */ = {isa = PBXBuildFile; fileRef = 4618495F208EFA4500D076B3 /* MBProgressHUD+Message.m */; };
		46184963208F01CC00D076B3 /* YYFPSLabel.m in Sources */ = {isa = PBXBuildFile; fileRef = 46184962208F01CC00D076B3 /* YYFPSLabel.m */; };
		46184A84208F0E5D00D076B3 /* YYWeakProxy.m in Sources */ = {isa = PBXBuildFile; fileRef = 46184A83208F0E5D00D076B3 /* YYWeakProxy.m */; };
		46184A87208F17E700D076B3 /* MBProgressHUD.m in Sources */ = {isa = PBXBuildFile; fileRef = 46184A86208F17E700D076B3 /* MBProgressHUD.m */; };
		46184A8A208F28CC00D076B3 /* UIColor+Additions.m in Sources */ = {isa = PBXBuildFile; fileRef = 46184A89208F28CC00D076B3 /* UIColor+Additions.m */; };
		46184A8D20900A4900D076B3 /* CommunicateBottomView.m in Sources */ = {isa = PBXBuildFile; fileRef = 46184A8C20900A4600D076B3 /* CommunicateBottomView.m */; };
		46184A9C20902CE400D076B3 /* UITableView+SDAutoTableViewCellHeight.m in Sources */ = {isa = PBXBuildFile; fileRef = 46184A9820902CE400D076B3 /* UITableView+SDAutoTableViewCellHeight.m */; };
		46184A9D20902CE400D076B3 /* UIView+SDAutoLayout.m in Sources */ = {isa = PBXBuildFile; fileRef = 46184A9B20902CE400D076B3 /* UIView+SDAutoLayout.m */; };
		46184AA02090328400D076B3 /* MNShareMoreView.m in Sources */ = {isa = PBXBuildFile; fileRef = 46184A9F2090328400D076B3 /* MNShareMoreView.m */; };
		46184AA52092D08D00D076B3 /* ACActionSheet.bundle in Resources */ = {isa = PBXBuildFile; fileRef = 46184AA32092D08C00D076B3 /* ACActionSheet.bundle */; };
		46184AA62092D08D00D076B3 /* ACActionSheet.m in Sources */ = {isa = PBXBuildFile; fileRef = 46184AA42092D08D00D076B3 /* ACActionSheet.m */; };
		4619BDF4207C4D4F00065016 /* AppDelegate.m in Sources */ = {isa = PBXBuildFile; fileRef = 4619BDF3207C4D4F00065016 /* AppDelegate.m */; };
		4619BDFA207C4D4F00065016 /* Main.storyboard in Resources */ = {isa = PBXBuildFile; fileRef = 4619BDF8207C4D4F00065016 /* Main.storyboard */; };
		4619BDFF207C4D5200065016 /* LaunchScreen.storyboard in Resources */ = {isa = PBXBuildFile; fileRef = 4619BDFD207C4D5200065016 /* LaunchScreen.storyboard */; };
		4619BE02207C4D5200065016 /* main.m in Sources */ = {isa = PBXBuildFile; fileRef = 4619BE01207C4D5200065016 /* main.m */; };
		4619BE0C207C4D5200065016 /* __MONOTests.m in Sources */ = {isa = PBXBuildFile; fileRef = 4619BE0B207C4D5200065016 /* __MONOTests.m */; };
		4619BE17207C4D5200065016 /* __MONOUITests.m in Sources */ = {isa = PBXBuildFile; fileRef = 4619BE16207C4D5200065016 /* __MONOUITests.m */; };
		4619BE25207C577A00065016 /* image.xcassets in Resources */ = {isa = PBXBuildFile; fileRef = 4619BE24207C577900065016 /* image.xcassets */; };
		4619BE68207CF7F600065016 /* MNBaseController.m in Sources */ = {isa = PBXBuildFile; fileRef = 4619BE67207CF7F600065016 /* MNBaseController.m */; };
		4619BE6E207CF88200065016 /* RecommendVC.m in Sources */ = {isa = PBXBuildFile; fileRef = 4619BE6D207CF88200065016 /* RecommendVC.m */; };
		4619BE71207CF8A200065016 /* DiscoverVC.m in Sources */ = {isa = PBXBuildFile; fileRef = 4619BE70207CF8A200065016 /* DiscoverVC.m */; };
		4619BE74207CF8C100065016 /* CommunityVC.m in Sources */ = {isa = PBXBuildFile; fileRef = 4619BE73207CF8C100065016 /* CommunityVC.m */; };
		4619BE77207CF8D800065016 /* MineVC.m in Sources */ = {isa = PBXBuildFile; fileRef = 4619BE76207CF8D800065016 /* MineVC.m */; };
		4619BE7D207CF99F00065016 /* MNNavigationController.m in Sources */ = {isa = PBXBuildFile; fileRef = 4619BE7C207CF99F00065016 /* MNNavigationController.m */; };
		4619BE80207D0A4300065016 /* MNBaseTabbarController.m in Sources */ = {isa = PBXBuildFile; fileRef = 4619BE7F207D0A4300065016 /* MNBaseTabbarController.m */; };
		461D3FE120873F5900F3FBA1 /* UIView+Additions.m in Sources */ = {isa = PBXBuildFile; fileRef = 461D3FDD20873F5900F3FBA1 /* UIView+Additions.m */; };
		464173B12089780C006595EE /* MNBaseModel.m in Sources */ = {isa = PBXBuildFile; fileRef = 464173B02089780C006595EE /* MNBaseModel.m */; };
		464173B420897AAD006595EE /* RecommendVM.m in Sources */ = {isa = PBXBuildFile; fileRef = 464173B320897AAD006595EE /* RecommendVM.m */; };
		464173B720897D07006595EE /* RecommendModel.m in Sources */ = {isa = PBXBuildFile; fileRef = 464173B620897D07006595EE /* RecommendModel.m */; };
		4643205320C0EA35005E62F7 /* FileManager.m in Sources */ = {isa = PBXBuildFile; fileRef = 4643205220C0EA35005E62F7 /* FileManager.m */; };
		4643205620C0EFD6005E62F7 /* BaseModel.m in Sources */ = {isa = PBXBuildFile; fileRef = 4643205520C0EFD6005E62F7 /* BaseModel.m */; };
		4643205920C4E22E005E62F7 /* MNPhotoContainerView.m in Sources */ = {isa = PBXBuildFile; fileRef = 4643205820C4E22E005E62F7 /* MNPhotoContainerView.m */; };
		4643208220C50E0F005E62F7 /* ZZCACircleProgress.m in Sources */ = {isa = PBXBuildFile; fileRef = 4643207920C50E0E005E62F7 /* ZZCACircleProgress.m */; };
		4643208320C50E0F005E62F7 /* NSTimer+timerBlock.m in Sources */ = {isa = PBXBuildFile; fileRef = 4643207A20C50E0E005E62F7 /* NSTimer+timerBlock.m */; };
		4643208420C50E0F005E62F7 /* ZZCircleProgress.bundle in Resources */ = {isa = PBXBuildFile; fileRef = 4643207B20C50E0E005E62F7 /* ZZCircleProgress.bundle */; };
		4643208520C50E0F005E62F7 /* ZZCountingLabel.m in Sources */ = {isa = PBXBuildFile; fileRef = 4643207D20C50E0E005E62F7 /* ZZCountingLabel.m */; };
		4643208620C50E0F005E62F7 /* ZZCircleProgress.m in Sources */ = {isa = PBXBuildFile; fileRef = 4643208120C50E0E005E62F7 /* ZZCircleProgress.m */; };
		4643209220C63C75005E62F7 /* 77.gif in Resources */ = {isa = PBXBuildFile; fileRef = 4643209120C63C71005E62F7 /* 77.gif */; };
		465503A120A1976300E8C8B2 /* YBImageBrowserAnimatedTransitioning.m in Sources */ = {isa = PBXBuildFile; fileRef = 4655037D20A1976300E8C8B2 /* YBImageBrowserAnimatedTransitioning.m */; };
		465503A220A1976300E8C8B2 /* YBImageBrowserFunctionModel.m in Sources */ = {isa = PBXBuildFile; fileRef = 4655038020A1976300E8C8B2 /* YBImageBrowserFunctionModel.m */; };
		465503A320A1976300E8C8B2 /* YBImageBrowserFunctionBar.m in Sources */ = {isa = PBXBuildFile; fileRef = 4655038120A1976300E8C8B2 /* YBImageBrowserFunctionBar.m */; };
		465503A420A1976300E8C8B2 /* YBImageBrowserToolBar.m in Sources */ = {isa = PBXBuildFile; fileRef = 4655038420A1976300E8C8B2 /* YBImageBrowserToolBar.m */; };
		465503A520A1976300E8C8B2 /* YBImageBrowser.m in Sources */ = {isa = PBXBuildFile; fileRef = 4655038620A1976300E8C8B2 /* YBImageBrowser.m */; };
		465503A620A1976300E8C8B2 /* YBImageBrowserCell.m in Sources */ = {isa = PBXBuildFile; fileRef = 4655038820A1976300E8C8B2 /* YBImageBrowserCell.m */; };
		465503A720A1976300E8C8B2 /* YBImageBrowserView.m in Sources */ = {isa = PBXBuildFile; fileRef = 4655038A20A1976300E8C8B2 /* YBImageBrowserView.m */; };
		465503A820A1976300E8C8B2 /* YBImageBrowserModel.m in Sources */ = {isa = PBXBuildFile; fileRef = 4655038C20A1976300E8C8B2 /* YBImageBrowserModel.m */; };
		465503A920A1976300E8C8B2 /* YBImageBrowserViewLayout.m in Sources */ = {isa = PBXBuildFile; fileRef = 4655038F20A1976300E8C8B2 /* YBImageBrowserViewLayout.m */; };
		465503AA20A1976300E8C8B2 /* YBImageBrowserCopywriter.m in Sources */ = {isa = PBXBuildFile; fileRef = 4655039620A1976300E8C8B2 /* YBImageBrowserCopywriter.m */; };
		465503AB20A1976300E8C8B2 /* NSBundle+YBImageBrowser.m in Sources */ = {isa = PBXBuildFile; fileRef = 4655039720A1976300E8C8B2 /* NSBundle+YBImageBrowser.m */; };
		465503AC20A1976300E8C8B2 /* YBImageBrowserUtilities.m in Sources */ = {isa = PBXBuildFile; fileRef = 4655039820A1976300E8C8B2 /* YBImageBrowserUtilities.m */; };
		465503AD20A1976300E8C8B2 /* YBImageBrowserDownloader.m in Sources */ = {isa = PBXBuildFile; fileRef = 4655039920A1976300E8C8B2 /* YBImageBrowserDownloader.m */; };
		465503AE20A1976300E8C8B2 /* YBImageBrowserPromptBar.m in Sources */ = {isa = PBXBuildFile; fileRef = 4655039B20A1976300E8C8B2 /* YBImageBrowserPromptBar.m */; };
		465503AF20A1976300E8C8B2 /* YBImageBrowserProgressBar.m in Sources */ = {isa = PBXBuildFile; fileRef = 4655039C20A1976300E8C8B2 /* YBImageBrowserProgressBar.m */; };
		465503B020A1976400E8C8B2 /* YBImageBrowser.bundle in Resources */ = {isa = PBXBuildFile; fileRef = 465503A020A1976300E8C8B2 /* YBImageBrowser.bundle */; };
		4655041B20A4285000E8C8B2 /* PhotoProgressView.m in Sources */ = {isa = PBXBuildFile; fileRef = 4655041A20A4285000E8C8B2 /* PhotoProgressView.m */; };
		4699B67220A93AF7008E1E87 /* RecommendMusicCell.m in Sources */ = {isa = PBXBuildFile; fileRef = 4699B67120A93AF7008E1E87 /* RecommendMusicCell.m */; };
		4699B67620A967AB008E1E87 /* MusicCDView.m in Sources */ = {isa = PBXBuildFile; fileRef = 4699B67520A967AB008E1E87 /* MusicCDView.m */; };
		4699B67A20A98882008E1E87 /* MNMusicPlayer.m in Sources */ = {isa = PBXBuildFile; fileRef = 4699B67920A98882008E1E87 /* MNMusicPlayer.m */; };
		4699B67D20AAC1DD008E1E87 /* MusicProgressView.m in Sources */ = {isa = PBXBuildFile; fileRef = 4699B67C20AAC1DD008E1E87 /* MusicProgressView.m */; };
		4699B68120AAD4C3008E1E87 /* XDProgressView.m in Sources */ = {isa = PBXBuildFile; fileRef = 4699B68020AAD4C3008E1E87 /* XDProgressView.m */; };
		4699B68420B25F49008E1E87 /* RecommendVideoCell.m in Sources */ = {isa = PBXBuildFile; fileRef = 4699B68320B25F49008E1E87 /* RecommendVideoCell.m */; };
		4699B68820B3E811008E1E87 /* RecommendPicturesCell.m in Sources */ = {isa = PBXBuildFile; fileRef = 4699B68720B3E810008E1E87 /* RecommendPicturesCell.m */; };
		4699B68C20B3F9F4008E1E87 /* RecommendTeaCell.m in Sources */ = {isa = PBXBuildFile; fileRef = 4699B68B20B3F9F4008E1E87 /* RecommendTeaCell.m */; };
		4699B68F20B54F22008E1E87 /* MNWebViewController.m in Sources */ = {isa = PBXBuildFile; fileRef = 4699B68E20B54F22008E1E87 /* MNWebViewController.m */; };
		46B20B1D20BD35570030741C /* WebNavTitleView.m in Sources */ = {isa = PBXBuildFile; fileRef = 46B20B1C20BD35570030741C /* WebNavTitleView.m */; };
		46B20B3720BE47DB0030741C /* JKJSONHandler.m in Sources */ = {isa = PBXBuildFile; fileRef = 46B20B2E20BE47DB0030741C /* JKJSONHandler.m */; };
		46B20B3820BE47DB0030741C /* UIViewController+JKRouter.m in Sources */ = {isa = PBXBuildFile; fileRef = 46B20B3220BE47DB0030741C /* UIViewController+JKRouter.m */; };
		46B20B3920BE47DB0030741C /* JKRouterExtension.m in Sources */ = {isa = PBXBuildFile; fileRef = 46B20B3320BE47DB0030741C /* JKRouterExtension.m */; };
		46B20B3A20BE47DB0030741C /* JKRouter.m in Sources */ = {isa = PBXBuildFile; fileRef = 46B20B3520BE47DB0030741C /* JKRouter.m */; };
		46B20B4120BE84390030741C /* DiscoverModel.m in Sources */ = {isa = PBXBuildFile; fileRef = 46B20B4020BE84390030741C /* DiscoverModel.m */; };
		46B20B4420BE89560030741C /* DiscoverVM.m in Sources */ = {isa = PBXBuildFile; fileRef = 46B20B4320BE89560030741C /* DiscoverVM.m */; };
		46B20B4720BE8A240030741C /* DiscoverNetWork.m in Sources */ = {isa = PBXBuildFile; fileRef = 46B20B4620BE8A240030741C /* DiscoverNetWork.m */; };
		46B20B4D20BE8F6D0030741C /* DiscoverBannerHeaderView.m in Sources */ = {isa = PBXBuildFile; fileRef = 46B20B4C20BE8F6D0030741C /* DiscoverBannerHeaderView.m */; };
		46B20B5020BF86270030741C /* WebThirdTitleView.m in Sources */ = {isa = PBXBuildFile; fileRef = 46B20B4F20BF86270030741C /* WebThirdTitleView.m */; };
		46B20B5220BF910B0030741C /* ITCAvantGardeStd-XLtObl.otf in Resources */ = {isa = PBXBuildFile; fileRef = 46B20B5120BF910B0030741C /* ITCAvantGardeStd-XLtObl.otf */; };
		46B20B5820BFA7270030741C /* MBSwitch.m in Sources */ = {isa = PBXBuildFile; fileRef = 46B20B5620BFA7260030741C /* MBSwitch.m */; };
		46B20B5A20BFEAF00030741C /* test1.js in Resources */ = {isa = PBXBuildFile; fileRef = 4699B69120B656F8008E1E87 /* test1.js */; };
		46B20B5B20BFEAF00030741C /* test.css in Resources */ = {isa = PBXBuildFile; fileRef = 46B20B1720BCEC840030741C /* test.css */; };
		46B20B5F20C0DC440030741C /* PlayMusicController.m in Sources */ = {isa = PBXBuildFile; fileRef = 46B20B5E20C0DC440030741C /* PlayMusicController.m */; };
		46D543102083382B00C38643 /* MNNetworkTool.m in Sources */ = {isa = PBXBuildFile; fileRef = 46D5430F2083382A00C38643 /* MNNetworkTool.m */; };
		46E67BD1207E55E20089AD25 /* SPPageMenu.m in Sources */ = {isa = PBXBuildFile; fileRef = 46E67BCF207E55E20089AD25 /* SPPageMenu.m */; };
		46EFA9D0209438C800AC1D41 /* RCConfig.plist in Resources */ = {isa = PBXBuildFile; fileRef = 46EFA9CF209438C800AC1D41 /* RCConfig.plist */; };
		46EFA9D620943A2A00AC1D41 /* ITCAvantGardeStd-Bk.otf in Resources */ = {isa = PBXBuildFile; fileRef = 46EFA9D520943A2A00AC1D41 /* ITCAvantGardeStd-Bk.otf */; };
		46EFA9D92095A46600AC1D41 /* AdLaunchManager.m in Sources */ = {isa = PBXBuildFile; fileRef = 46EFA9D82095A46600AC1D41 /* AdLaunchManager.m */; };
		46EFA9DC2095AA6000AC1D41 /* AdModel.m in Sources */ = {isa = PBXBuildFile; fileRef = 46EFA9DB2095AA6000AC1D41 /* AdModel.m */; };
		46EFA9DF2095BA0800AC1D41 /* RecommendImageBgCell.m in Sources */ = {isa = PBXBuildFile; fileRef = 46EFA9DE2095BA0800AC1D41 /* RecommendImageBgCell.m */; };
		46EFA9E22095BCD600AC1D41 /* CommendMethod.m in Sources */ = {isa = PBXBuildFile; fileRef = 46EFA9E12095BCD600AC1D41 /* CommendMethod.m */; };
		46EFA9E720960A5100AC1D41 /* RQShineLabel.m in Sources */ = {isa = PBXBuildFile; fileRef = 46EFA9E520960A5100AC1D41 /* RQShineLabel.m */; };
		46EFA9EA2096A9AC00AC1D41 /* RecommendImagesCell.m in Sources */ = {isa = PBXBuildFile; fileRef = 46EFA9E92096A9AC00AC1D41 /* RecommendImagesCell.m */; };
		F32AEF373ABABF531789A361 /* libPods-高仿MONO.a in Frameworks */ = {isa = PBXBuildFile; fileRef = FC183F150C2C571F8B7BC729 /* libPods-高仿MONO.a */; };
/* End PBXBuildFile section */

/* Begin PBXContainerItemProxy section */
		4619BE08207C4D5200065016 /* PBXContainerItemProxy */ = {
			isa = PBXContainerItemProxy;
			containerPortal = 4619BDE7207C4D4F00065016 /* Project object */;
			proxyType = 1;
			remoteGlobalIDString = 4619BDEE207C4D4F00065016;
			remoteInfo = "高仿MONO";
		};
		4619BE13207C4D5200065016 /* PBXContainerItemProxy */ = {
			isa = PBXContainerItemProxy;
			containerPortal = 4619BDE7207C4D4F00065016 /* Project object */;
			proxyType = 1;
			remoteGlobalIDString = 4619BDEE207C4D4F00065016;
			remoteInfo = "高仿MONO";
		};
/* End PBXContainerItemProxy section */

/* Begin PBXFileReference section */
		0485C679BF6EEF99B13F787E /* libPods-高仿MONOTests.a */ = {isa = PBXFileReference; explicitFileType = archive.ar; includeInIndex = 0; path = "libPods-高仿MONOTests.a"; sourceTree = BUILT_PRODUCTS_DIR; };
		1EB01A41710D1FA94CA97BC6 /* Pods-高仿MONO.release.xcconfig */ = {isa = PBXFileReference; includeInIndex = 1; lastKnownFileType = text.xcconfig; name = "Pods-高仿MONO.release.xcconfig"; path = "Pods/Target Support Files/Pods-高仿MONO/Pods-高仿MONO.release.xcconfig"; sourceTree = "<group>"; };
		4618492E208B322B00D076B3 /* RecommendNetWork.h */ = {isa = PBXFileReference; lastKnownFileType = sourcecode.c.h; path = RecommendNetWork.h; sourceTree = "<group>"; };
		4618492F208B322B00D076B3 /* RecommendNetWork.m */ = {isa = PBXFileReference; lastKnownFileType = sourcecode.c.objc; path = RecommendNetWork.m; sourceTree = "<group>"; };
		46184931208DB81600D076B3 /* MNRefreshBlackHeader.h */ = {isa = PBXFileReference; lastKnownFileType = sourcecode.c.h; path = MNRefreshBlackHeader.h; sourceTree = "<group>"; };
		46184932208DB81600D076B3 /* MNRefreshBlackHeader.m */ = {isa = PBXFileReference; lastKnownFileType = sourcecode.c.objc; path = MNRefreshBlackHeader.m; sourceTree = "<group>"; };
		46184937208DBD8500D076B3 /* MNRefreshFooter.h */ = {isa = PBXFileReference; lastKnownFileType = sourcecode.c.h; path = MNRefreshFooter.h; sourceTree = "<group>"; };
		46184938208DBD8500D076B3 /* MNRefreshFooter.m */ = {isa = PBXFileReference; lastKnownFileType = sourcecode.c.objc; path = MNRefreshFooter.m; sourceTree = "<group>"; };
		4618493A208DC2B200D076B3 /* RecommendTypeVC.h */ = {isa = PBXFileReference; lastKnownFileType = sourcecode.c.h; path = RecommendTypeVC.h; sourceTree = "<group>"; };
		4618493B208DC2B200D076B3 /* RecommendTypeVC.m */ = {isa = PBXFileReference; lastKnownFileType = sourcecode.c.objc; path = RecommendTypeVC.m; sourceTree = "<group>"; };
		4618493D208DCD5600D076B3 /* NSArray+MHAdd.h */ = {isa = PBXFileReference; lastKnownFileType = sourcecode.c.h; path = "NSArray+MHAdd.h"; sourceTree = "<group>"; };
		4618493E208DCD5600D076B3 /* NSArray+MHAdd.m */ = {isa = PBXFileReference; lastKnownFileType = sourcecode.c.objc; path = "NSArray+MHAdd.m"; sourceTree = "<group>"; };
		46184940208E183900D076B3 /* MNBaseTableViewCell.h */ = {isa = PBXFileReference; lastKnownFileType = sourcecode.c.h; path = MNBaseTableViewCell.h; sourceTree = "<group>"; };
		46184941208E183900D076B3 /* MNBaseTableViewCell.m */ = {isa = PBXFileReference; lastKnownFileType = sourcecode.c.objc; path = MNBaseTableViewCell.m; sourceTree = "<group>"; };
		46184943208E194000D076B3 /* RecommendReadCell.h */ = {isa = PBXFileReference; lastKnownFileType = sourcecode.c.h; path = RecommendReadCell.h; sourceTree = "<group>"; };
		46184944208E194000D076B3 /* RecommendReadCell.m */ = {isa = PBXFileReference; lastKnownFileType = sourcecode.c.objc; path = RecommendReadCell.m; sourceTree = "<group>"; };
		46184946208E196900D076B3 /* RecommendCellTitleView.h */ = {isa = PBXFileReference; lastKnownFileType = sourcecode.c.h; path = RecommendCellTitleView.h; sourceTree = "<group>"; };
		46184947208E196900D076B3 /* RecommendCellTitleView.m */ = {isa = PBXFileReference; lastKnownFileType = sourcecode.c.objc; path = RecommendCellTitleView.m; sourceTree = "<group>"; };
		46184952208EBCEF00D076B3 /* NSDictionary+Additions.h */ = {isa = PBXFileReference; fileEncoding = 4; lastKnownFileType = sourcecode.c.h; path = "NSDictionary+Additions.h"; sourceTree = "<group>"; };
		46184953208EBCEF00D076B3 /* NSDictionary+Additions.m */ = {isa = PBXFileReference; fileEncoding = 4; lastKnownFileType = sourcecode.c.objc; path = "NSDictionary+Additions.m"; sourceTree = "<group>"; };
		46184955208ED4ED00D076B3 /* NSObject+Additions.h */ = {isa = PBXFileReference; fileEncoding = 4; lastKnownFileType = sourcecode.c.h; path = "NSObject+Additions.h"; sourceTree = "<group>"; };
		46184956208ED4ED00D076B3 /* NSObject+Additions.m */ = {isa = PBXFileReference; fileEncoding = 4; lastKnownFileType = sourcecode.c.objc; path = "NSObject+Additions.m"; sourceTree = "<group>"; };
		4618495B208EDFEB00D076B3 /* UIImageView+WebLoad.h */ = {isa = PBXFileReference; lastKnownFileType = sourcecode.c.h; path = "UIImageView+WebLoad.h"; sourceTree = "<group>"; };
		4618495C208EDFEB00D076B3 /* UIImageView+WebLoad.m */ = {isa = PBXFileReference; lastKnownFileType = sourcecode.c.objc; path = "UIImageView+WebLoad.m"; sourceTree = "<group>"; };
		4618495E208EFA4500D076B3 /* MBProgressHUD+Message.h */ = {isa = PBXFileReference; lastKnownFileType = sourcecode.c.h; path = "MBProgressHUD+Message.h"; sourceTree = "<group>"; };
		4618495F208EFA4500D076B3 /* MBProgressHUD+Message.m */ = {isa = PBXFileReference; lastKnownFileType = sourcecode.c.objc; path = "MBProgressHUD+Message.m"; sourceTree = "<group>"; };
		46184961208F01CC00D076B3 /* YYFPSLabel.h */ = {isa = PBXFileReference; fileEncoding = 4; lastKnownFileType = sourcecode.c.h; path = YYFPSLabel.h; sourceTree = "<group>"; };
		46184962208F01CC00D076B3 /* YYFPSLabel.m */ = {isa = PBXFileReference; fileEncoding = 4; lastKnownFileType = sourcecode.c.objc; path = YYFPSLabel.m; sourceTree = "<group>"; };
		46184A82208F0E5C00D076B3 /* YYWeakProxy.h */ = {isa = PBXFileReference; fileEncoding = 4; lastKnownFileType = sourcecode.c.h; path = YYWeakProxy.h; sourceTree = "<group>"; };
		46184A83208F0E5D00D076B3 /* YYWeakProxy.m */ = {isa = PBXFileReference; fileEncoding = 4; lastKnownFileType = sourcecode.c.objc; path = YYWeakProxy.m; sourceTree = "<group>"; };
		46184A85208F17E600D076B3 /* MBProgressHUD.h */ = {isa = PBXFileReference; lastKnownFileType = sourcecode.c.h; path = MBProgressHUD.h; sourceTree = "<group>"; };
		46184A86208F17E700D076B3 /* MBProgressHUD.m */ = {isa = PBXFileReference; lastKnownFileType = sourcecode.c.objc; path = MBProgressHUD.m; sourceTree = "<group>"; };
		46184A88208F28CC00D076B3 /* UIColor+Additions.h */ = {isa = PBXFileReference; fileEncoding = 4; lastKnownFileType = sourcecode.c.h; path = "UIColor+Additions.h"; sourceTree = "<group>"; };
		46184A89208F28CC00D076B3 /* UIColor+Additions.m */ = {isa = PBXFileReference; fileEncoding = 4; lastKnownFileType = sourcecode.c.objc; path = "UIColor+Additions.m"; sourceTree = "<group>"; };
		46184A8B20900A4500D076B3 /* CommunicateBottomView.h */ = {isa = PBXFileReference; lastKnownFileType = sourcecode.c.h; path = CommunicateBottomView.h; sourceTree = "<group>"; };
		46184A8C20900A4600D076B3 /* CommunicateBottomView.m */ = {isa = PBXFileReference; lastKnownFileType = sourcecode.c.objc; path = CommunicateBottomView.m; sourceTree = "<group>"; };
		46184A9720902CE400D076B3 /* SDAutoLayout.h */ = {isa = PBXFileReference; fileEncoding = 4; lastKnownFileType = sourcecode.c.h; path = SDAutoLayout.h; sourceTree = "<group>"; };
		46184A9820902CE400D076B3 /* UITableView+SDAutoTableViewCellHeight.m */ = {isa = PBXFileReference; fileEncoding = 4; lastKnownFileType = sourcecode.c.objc; path = "UITableView+SDAutoTableViewCellHeight.m"; sourceTree = "<group>"; };
		46184A9920902CE400D076B3 /* UITableView+SDAutoTableViewCellHeight.h */ = {isa = PBXFileReference; fileEncoding = 4; lastKnownFileType = sourcecode.c.h; path = "UITableView+SDAutoTableViewCellHeight.h"; sourceTree = "<group>"; };
		46184A9A20902CE400D076B3 /* UIView+SDAutoLayout.h */ = {isa = PBXFileReference; fileEncoding = 4; lastKnownFileType = sourcecode.c.h; path = "UIView+SDAutoLayout.h"; sourceTree = "<group>"; };
		46184A9B20902CE400D076B3 /* UIView+SDAutoLayout.m */ = {isa = PBXFileReference; fileEncoding = 4; lastKnownFileType = sourcecode.c.objc; path = "UIView+SDAutoLayout.m"; sourceTree = "<group>"; };
		46184A9E2090328400D076B3 /* MNShareMoreView.h */ = {isa = PBXFileReference; lastKnownFileType = sourcecode.c.h; path = MNShareMoreView.h; sourceTree = "<group>"; };
		46184A9F2090328400D076B3 /* MNShareMoreView.m */ = {isa = PBXFileReference; lastKnownFileType = sourcecode.c.objc; path = MNShareMoreView.m; sourceTree = "<group>"; };
		46184AA22092D08C00D076B3 /* ACActionSheet.h */ = {isa = PBXFileReference; fileEncoding = 4; lastKnownFileType = sourcecode.c.h; path = ACActionSheet.h; sourceTree = "<group>"; };
		46184AA32092D08C00D076B3 /* ACActionSheet.bundle */ = {isa = PBXFileReference; lastKnownFileType = "wrapper.plug-in"; path = ACActionSheet.bundle; sourceTree = "<group>"; };
		46184AA42092D08D00D076B3 /* ACActionSheet.m */ = {isa = PBXFileReference; fileEncoding = 4; lastKnownFileType = sourcecode.c.objc; path = ACActionSheet.m; sourceTree = "<group>"; };
		4619BDEF207C4D4F00065016 /* 高仿MONO.app */ = {isa = PBXFileReference; explicitFileType = wrapper.application; includeInIndex = 0; path = "高仿MONO.app"; sourceTree = BUILT_PRODUCTS_DIR; };
		4619BDF2207C4D4F00065016 /* AppDelegate.h */ = {isa = PBXFileReference; lastKnownFileType = sourcecode.c.h; path = AppDelegate.h; sourceTree = "<group>"; };
		4619BDF3207C4D4F00065016 /* AppDelegate.m */ = {isa = PBXFileReference; lastKnownFileType = sourcecode.c.objc; path = AppDelegate.m; sourceTree = "<group>"; };
		4619BDF9207C4D4F00065016 /* Base */ = {isa = PBXFileReference; lastKnownFileType = file.storyboard; name = Base; path = Base.lproj/Main.storyboard; sourceTree = "<group>"; };
		4619BDFE207C4D5200065016 /* Base */ = {isa = PBXFileReference; lastKnownFileType = file.storyboard; name = Base; path = Base.lproj/LaunchScreen.storyboard; sourceTree = "<group>"; };
		4619BE00207C4D5200065016 /* Info.plist */ = {isa = PBXFileReference; lastKnownFileType = text.plist.xml; path = Info.plist; sourceTree = "<group>"; };
		4619BE01207C4D5200065016 /* main.m */ = {isa = PBXFileReference; lastKnownFileType = sourcecode.c.objc; path = main.m; sourceTree = "<group>"; };
		4619BE07207C4D5200065016 /* 高仿MONOTests.xctest */ = {isa = PBXFileReference; explicitFileType = wrapper.cfbundle; includeInIndex = 0; path = "高仿MONOTests.xctest"; sourceTree = BUILT_PRODUCTS_DIR; };
		4619BE0B207C4D5200065016 /* __MONOTests.m */ = {isa = PBXFileReference; lastKnownFileType = sourcecode.c.objc; path = __MONOTests.m; sourceTree = "<group>"; };
		4619BE0D207C4D5200065016 /* Info.plist */ = {isa = PBXFileReference; lastKnownFileType = text.plist.xml; path = Info.plist; sourceTree = "<group>"; };
		4619BE12207C4D5200065016 /* 高仿MONOUITests.xctest */ = {isa = PBXFileReference; explicitFileType = wrapper.cfbundle; includeInIndex = 0; path = "高仿MONOUITests.xctest"; sourceTree = BUILT_PRODUCTS_DIR; };
		4619BE16207C4D5200065016 /* __MONOUITests.m */ = {isa = PBXFileReference; lastKnownFileType = sourcecode.c.objc; path = __MONOUITests.m; sourceTree = "<group>"; };
		4619BE18207C4D5200065016 /* Info.plist */ = {isa = PBXFileReference; lastKnownFileType = text.plist.xml; path = Info.plist; sourceTree = "<group>"; };
		4619BE24207C577900065016 /* image.xcassets */ = {isa = PBXFileReference; lastKnownFileType = folder.assetcatalog; path = image.xcassets; sourceTree = "<group>"; };
		4619BE66207CF7F600065016 /* MNBaseController.h */ = {isa = PBXFileReference; lastKnownFileType = sourcecode.c.h; path = MNBaseController.h; sourceTree = "<group>"; };
		4619BE67207CF7F600065016 /* MNBaseController.m */ = {isa = PBXFileReference; lastKnownFileType = sourcecode.c.objc; path = MNBaseController.m; sourceTree = "<group>"; };
		4619BE6C207CF88200065016 /* RecommendVC.h */ = {isa = PBXFileReference; lastKnownFileType = sourcecode.c.h; path = RecommendVC.h; sourceTree = "<group>"; };
		4619BE6D207CF88200065016 /* RecommendVC.m */ = {isa = PBXFileReference; lastKnownFileType = sourcecode.c.objc; path = RecommendVC.m; sourceTree = "<group>"; };
		4619BE6F207CF8A200065016 /* DiscoverVC.h */ = {isa = PBXFileReference; lastKnownFileType = sourcecode.c.h; path = DiscoverVC.h; sourceTree = "<group>"; };
		4619BE70207CF8A200065016 /* DiscoverVC.m */ = {isa = PBXFileReference; lastKnownFileType = sourcecode.c.objc; path = DiscoverVC.m; sourceTree = "<group>"; };
		4619BE72207CF8C100065016 /* CommunityVC.h */ = {isa = PBXFileReference; lastKnownFileType = sourcecode.c.h; path = CommunityVC.h; sourceTree = "<group>"; };
		4619BE73207CF8C100065016 /* CommunityVC.m */ = {isa = PBXFileReference; lastKnownFileType = sourcecode.c.objc; path = CommunityVC.m; sourceTree = "<group>"; };
		4619BE75207CF8D800065016 /* MineVC.h */ = {isa = PBXFileReference; lastKnownFileType = sourcecode.c.h; path = MineVC.h; sourceTree = "<group>"; };
		4619BE76207CF8D800065016 /* MineVC.m */ = {isa = PBXFileReference; lastKnownFileType = sourcecode.c.objc; path = MineVC.m; sourceTree = "<group>"; };
		4619BE7B207CF99F00065016 /* MNNavigationController.h */ = {isa = PBXFileReference; lastKnownFileType = sourcecode.c.h; path = MNNavigationController.h; sourceTree = "<group>"; };
		4619BE7C207CF99F00065016 /* MNNavigationController.m */ = {isa = PBXFileReference; lastKnownFileType = sourcecode.c.objc; path = MNNavigationController.m; sourceTree = "<group>"; };
		4619BE7E207D0A4300065016 /* MNBaseTabbarController.h */ = {isa = PBXFileReference; lastKnownFileType = sourcecode.c.h; path = MNBaseTabbarController.h; sourceTree = "<group>"; };
		4619BE7F207D0A4300065016 /* MNBaseTabbarController.m */ = {isa = PBXFileReference; lastKnownFileType = sourcecode.c.objc; path = MNBaseTabbarController.m; sourceTree = "<group>"; };
		461D3F882086432E00F3FBA1 /* MNPrefix.pch */ = {isa = PBXFileReference; lastKnownFileType = sourcecode.c.h; path = MNPrefix.pch; sourceTree = "<group>"; };
		461D3FDD20873F5900F3FBA1 /* UIView+Additions.m */ = {isa = PBXFileReference; fileEncoding = 4; lastKnownFileType = sourcecode.c.objc; path = "UIView+Additions.m"; sourceTree = "<group>"; };
		461D3FDF20873F5900F3FBA1 /* UIView+Additions.h */ = {isa = PBXFileReference; fileEncoding = 4; lastKnownFileType = sourcecode.c.h; path = "UIView+Additions.h"; sourceTree = "<group>"; };
		464173AF2089780C006595EE /* MNBaseModel.h */ = {isa = PBXFileReference; lastKnownFileType = sourcecode.c.h; path = MNBaseModel.h; sourceTree = "<group>"; };
		464173B02089780C006595EE /* MNBaseModel.m */ = {isa = PBXFileReference; lastKnownFileType = sourcecode.c.objc; path = MNBaseModel.m; sourceTree = "<group>"; };
		464173B220897AAD006595EE /* RecommendVM.h */ = {isa = PBXFileReference; lastKnownFileType = sourcecode.c.h; path = RecommendVM.h; sourceTree = "<group>"; };
		464173B320897AAD006595EE /* RecommendVM.m */ = {isa = PBXFileReference; lastKnownFileType = sourcecode.c.objc; path = RecommendVM.m; sourceTree = "<group>"; };
		464173B520897D07006595EE /* RecommendModel.h */ = {isa = PBXFileReference; lastKnownFileType = sourcecode.c.h; path = RecommendModel.h; sourceTree = "<group>"; };
		464173B620897D07006595EE /* RecommendModel.m */ = {isa = PBXFileReference; lastKnownFileType = sourcecode.c.objc; path = RecommendModel.m; sourceTree = "<group>"; };
		4643205120C0EA35005E62F7 /* FileManager.h */ = {isa = PBXFileReference; lastKnownFileType = sourcecode.c.h; path = FileManager.h; sourceTree = "<group>"; };
		4643205220C0EA35005E62F7 /* FileManager.m */ = {isa = PBXFileReference; lastKnownFileType = sourcecode.c.objc; path = FileManager.m; sourceTree = "<group>"; };
		4643205420C0EFD6005E62F7 /* BaseModel.h */ = {isa = PBXFileReference; lastKnownFileType = sourcecode.c.h; path = BaseModel.h; sourceTree = "<group>"; };
		4643205520C0EFD6005E62F7 /* BaseModel.m */ = {isa = PBXFileReference; lastKnownFileType = sourcecode.c.objc; path = BaseModel.m; sourceTree = "<group>"; };
		4643205720C4E22E005E62F7 /* MNPhotoContainerView.h */ = {isa = PBXFileReference; lastKnownFileType = sourcecode.c.h; path = MNPhotoContainerView.h; sourceTree = "<group>"; };
		4643205820C4E22E005E62F7 /* MNPhotoContainerView.m */ = {isa = PBXFileReference; lastKnownFileType = sourcecode.c.objc; path = MNPhotoContainerView.m; sourceTree = "<group>"; };
		4643207920C50E0E005E62F7 /* ZZCACircleProgress.m */ = {isa = PBXFileReference; fileEncoding = 4; lastKnownFileType = sourcecode.c.objc; path = ZZCACircleProgress.m; sourceTree = "<group>"; };
		4643207A20C50E0E005E62F7 /* NSTimer+timerBlock.m */ = {isa = PBXFileReference; fileEncoding = 4; lastKnownFileType = sourcecode.c.objc; path = "NSTimer+timerBlock.m"; sourceTree = "<group>"; };
		4643207B20C50E0E005E62F7 /* ZZCircleProgress.bundle */ = {isa = PBXFileReference; lastKnownFileType = "wrapper.plug-in"; path = ZZCircleProgress.bundle; sourceTree = "<group>"; };
		4643207C20C50E0E005E62F7 /* ZZCircleProgress.h */ = {isa = PBXFileReference; fileEncoding = 4; lastKnownFileType = sourcecode.c.h; path = ZZCircleProgress.h; sourceTree = "<group>"; };
		4643207D20C50E0E005E62F7 /* ZZCountingLabel.m */ = {isa = PBXFileReference; fileEncoding = 4; lastKnownFileType = sourcecode.c.objc; path = ZZCountingLabel.m; sourceTree = "<group>"; };
		4643207E20C50E0E005E62F7 /* NSTimer+timerBlock.h */ = {isa = PBXFileReference; fileEncoding = 4; lastKnownFileType = sourcecode.c.h; path = "NSTimer+timerBlock.h"; sourceTree = "<group>"; };
		4643207F20C50E0E005E62F7 /* ZZCACircleProgress.h */ = {isa = PBXFileReference; fileEncoding = 4; lastKnownFileType = sourcecode.c.h; path = ZZCACircleProgress.h; sourceTree = "<group>"; };
		4643208020C50E0E005E62F7 /* ZZCountingLabel.h */ = {isa = PBXFileReference; fileEncoding = 4; lastKnownFileType = sourcecode.c.h; path = ZZCountingLabel.h; sourceTree = "<group>"; };
		4643208120C50E0E005E62F7 /* ZZCircleProgress.m */ = {isa = PBXFileReference; fileEncoding = 4; lastKnownFileType = sourcecode.c.objc; path = ZZCircleProgress.m; sourceTree = "<group>"; };
		4643209120C63C71005E62F7 /* 77.gif */ = {isa = PBXFileReference; lastKnownFileType = image.gif; path = 77.gif; sourceTree = "<group>"; };
		4655037C20A1976300E8C8B2 /* YBImageBrowserAnimatedTransitioning.h */ = {isa = PBXFileReference; fileEncoding = 4; lastKnownFileType = sourcecode.c.h; path = YBImageBrowserAnimatedTransitioning.h; sourceTree = "<group>"; };
		4655037D20A1976300E8C8B2 /* YBImageBrowserAnimatedTransitioning.m */ = {isa = PBXFileReference; fileEncoding = 4; lastKnownFileType = sourcecode.c.objc; path = YBImageBrowserAnimatedTransitioning.m; sourceTree = "<group>"; };
		4655037F20A1976300E8C8B2 /* YBImageBrowserFunctionBar.h */ = {isa = PBXFileReference; fileEncoding = 4; lastKnownFileType = sourcecode.c.h; path = YBImageBrowserFunctionBar.h; sourceTree = "<group>"; };
		4655038020A1976300E8C8B2 /* YBImageBrowserFunctionModel.m */ = {isa = PBXFileReference; fileEncoding = 4; lastKnownFileType = sourcecode.c.objc; path = YBImageBrowserFunctionModel.m; sourceTree = "<group>"; };
		4655038120A1976300E8C8B2 /* YBImageBrowserFunctionBar.m */ = {isa = PBXFileReference; fileEncoding = 4; lastKnownFileType = sourcecode.c.objc; path = YBImageBrowserFunctionBar.m; sourceTree = "<group>"; };
		4655038220A1976300E8C8B2 /* YBImageBrowserFunctionModel.h */ = {isa = PBXFileReference; fileEncoding = 4; lastKnownFileType = sourcecode.c.h; path = YBImageBrowserFunctionModel.h; sourceTree = "<group>"; };
		4655038420A1976300E8C8B2 /* YBImageBrowserToolBar.m */ = {isa = PBXFileReference; fileEncoding = 4; lastKnownFileType = sourcecode.c.objc; path = YBImageBrowserToolBar.m; sourceTree = "<group>"; };
		4655038520A1976300E8C8B2 /* YBImageBrowserToolBar.h */ = {isa = PBXFileReference; fileEncoding = 4; lastKnownFileType = sourcecode.c.h; path = YBImageBrowserToolBar.h; sourceTree = "<group>"; };
		4655038620A1976300E8C8B2 /* YBImageBrowser.m */ = {isa = PBXFileReference; fileEncoding = 4; lastKnownFileType = sourcecode.c.objc; path = YBImageBrowser.m; sourceTree = "<group>"; };
		4655038820A1976300E8C8B2 /* YBImageBrowserCell.m */ = {isa = PBXFileReference; fileEncoding = 4; lastKnownFileType = sourcecode.c.objc; path = YBImageBrowserCell.m; sourceTree = "<group>"; };
		4655038920A1976300E8C8B2 /* YBImageBrowserModel.h */ = {isa = PBXFileReference; fileEncoding = 4; lastKnownFileType = sourcecode.c.h; path = YBImageBrowserModel.h; sourceTree = "<group>"; };
		4655038A20A1976300E8C8B2 /* YBImageBrowserView.m */ = {isa = PBXFileReference; fileEncoding = 4; lastKnownFileType = sourcecode.c.objc; path = YBImageBrowserView.m; sourceTree = "<group>"; };
		4655038B20A1976300E8C8B2 /* YBImageBrowserViewLayout.h */ = {isa = PBXFileReference; fileEncoding = 4; lastKnownFileType = sourcecode.c.h; path = YBImageBrowserViewLayout.h; sourceTree = "<group>"; };
		4655038C20A1976300E8C8B2 /* YBImageBrowserModel.m */ = {isa = PBXFileReference; fileEncoding = 4; lastKnownFileType = sourcecode.c.objc; path = YBImageBrowserModel.m; sourceTree = "<group>"; };
		4655038D20A1976300E8C8B2 /* YBImageBrowserCell.h */ = {isa = PBXFileReference; fileEncoding = 4; lastKnownFileType = sourcecode.c.h; path = YBImageBrowserCell.h; sourceTree = "<group>"; };
		4655038E20A1976300E8C8B2 /* YBImageBrowserView.h */ = {isa = PBXFileReference; fileEncoding = 4; lastKnownFileType = sourcecode.c.h; path = YBImageBrowserView.h; sourceTree = "<group>"; };
		4655038F20A1976300E8C8B2 /* YBImageBrowserViewLayout.m */ = {isa = PBXFileReference; fileEncoding = 4; lastKnownFileType = sourcecode.c.objc; path = YBImageBrowserViewLayout.m; sourceTree = "<group>"; };
		4655039120A1976300E8C8B2 /* YBImageBrowserScreenOrientationProtocol.h */ = {isa = PBXFileReference; fileEncoding = 4; lastKnownFileType = sourcecode.c.h; path = YBImageBrowserScreenOrientationProtocol.h; sourceTree = "<group>"; };
		4655039220A1976300E8C8B2 /* NSBundle+YBImageBrowser.h */ = {isa = PBXFileReference; fileEncoding = 4; lastKnownFileType = sourcecode.c.h; path = "NSBundle+YBImageBrowser.h"; sourceTree = "<group>"; };
		4655039320A1976300E8C8B2 /* YBImageBrowserCopywriter.h */ = {isa = PBXFileReference; fileEncoding = 4; lastKnownFileType = sourcecode.c.h; path = YBImageBrowserCopywriter.h; sourceTree = "<group>"; };
		4655039420A1976300E8C8B2 /* YBImageBrowserUtilities.h */ = {isa = PBXFileReference; fileEncoding = 4; lastKnownFileType = sourcecode.c.h; path = YBImageBrowserUtilities.h; sourceTree = "<group>"; };
		4655039520A1976300E8C8B2 /* YBImageBrowserDownloader.h */ = {isa = PBXFileReference; fileEncoding = 4; lastKnownFileType = sourcecode.c.h; path = YBImageBrowserDownloader.h; sourceTree = "<group>"; };
		4655039620A1976300E8C8B2 /* YBImageBrowserCopywriter.m */ = {isa = PBXFileReference; fileEncoding = 4; lastKnownFileType = sourcecode.c.objc; path = YBImageBrowserCopywriter.m; sourceTree = "<group>"; };
		4655039720A1976300E8C8B2 /* NSBundle+YBImageBrowser.m */ = {isa = PBXFileReference; fileEncoding = 4; lastKnownFileType = sourcecode.c.objc; path = "NSBundle+YBImageBrowser.m"; sourceTree = "<group>"; };
		4655039820A1976300E8C8B2 /* YBImageBrowserUtilities.m */ = {isa = PBXFileReference; fileEncoding = 4; lastKnownFileType = sourcecode.c.objc; path = YBImageBrowserUtilities.m; sourceTree = "<group>"; };
		4655039920A1976300E8C8B2 /* YBImageBrowserDownloader.m */ = {isa = PBXFileReference; fileEncoding = 4; lastKnownFileType = sourcecode.c.objc; path = YBImageBrowserDownloader.m; sourceTree = "<group>"; };
		4655039B20A1976300E8C8B2 /* YBImageBrowserPromptBar.m */ = {isa = PBXFileReference; fileEncoding = 4; lastKnownFileType = sourcecode.c.objc; path = YBImageBrowserPromptBar.m; sourceTree = "<group>"; };
		4655039C20A1976300E8C8B2 /* YBImageBrowserProgressBar.m */ = {isa = PBXFileReference; fileEncoding = 4; lastKnownFileType = sourcecode.c.objc; path = YBImageBrowserProgressBar.m; sourceTree = "<group>"; };
		4655039D20A1976300E8C8B2 /* YBImageBrowserPromptBar.h */ = {isa = PBXFileReference; fileEncoding = 4; lastKnownFileType = sourcecode.c.h; path = YBImageBrowserPromptBar.h; sourceTree = "<group>"; };
		4655039E20A1976300E8C8B2 /* YBImageBrowserProgressBar.h */ = {isa = PBXFileReference; fileEncoding = 4; lastKnownFileType = sourcecode.c.h; path = YBImageBrowserProgressBar.h; sourceTree = "<group>"; };
		4655039F20A1976300E8C8B2 /* YBImageBrowser.h */ = {isa = PBXFileReference; fileEncoding = 4; lastKnownFileType = sourcecode.c.h; path = YBImageBrowser.h; sourceTree = "<group>"; };
		465503A020A1976300E8C8B2 /* YBImageBrowser.bundle */ = {isa = PBXFileReference; lastKnownFileType = "wrapper.plug-in"; path = YBImageBrowser.bundle; sourceTree = "<group>"; };
		4655041920A4285000E8C8B2 /* PhotoProgressView.h */ = {isa = PBXFileReference; lastKnownFileType = sourcecode.c.h; path = PhotoProgressView.h; sourceTree = "<group>"; };
		4655041A20A4285000E8C8B2 /* PhotoProgressView.m */ = {isa = PBXFileReference; lastKnownFileType = sourcecode.c.objc; path = PhotoProgressView.m; sourceTree = "<group>"; };
		4699B67020A93AF7008E1E87 /* RecommendMusicCell.h */ = {isa = PBXFileReference; lastKnownFileType = sourcecode.c.h; path = RecommendMusicCell.h; sourceTree = "<group>"; };
		4699B67120A93AF7008E1E87 /* RecommendMusicCell.m */ = {isa = PBXFileReference; lastKnownFileType = sourcecode.c.objc; path = RecommendMusicCell.m; sourceTree = "<group>"; };
		4699B67420A967AB008E1E87 /* MusicCDView.h */ = {isa = PBXFileReference; lastKnownFileType = sourcecode.c.h; path = MusicCDView.h; sourceTree = "<group>"; };
		4699B67520A967AB008E1E87 /* MusicCDView.m */ = {isa = PBXFileReference; lastKnownFileType = sourcecode.c.objc; path = MusicCDView.m; sourceTree = "<group>"; };
		4699B67820A98882008E1E87 /* MNMusicPlayer.h */ = {isa = PBXFileReference; lastKnownFileType = sourcecode.c.h; path = MNMusicPlayer.h; sourceTree = "<group>"; };
		4699B67920A98882008E1E87 /* MNMusicPlayer.m */ = {isa = PBXFileReference; lastKnownFileType = sourcecode.c.objc; path = MNMusicPlayer.m; sourceTree = "<group>"; };
		4699B67B20AAC1DD008E1E87 /* MusicProgressView.h */ = {isa = PBXFileReference; lastKnownFileType = sourcecode.c.h; path = MusicProgressView.h; sourceTree = "<group>"; };
		4699B67C20AAC1DD008E1E87 /* MusicProgressView.m */ = {isa = PBXFileReference; lastKnownFileType = sourcecode.c.objc; path = MusicProgressView.m; sourceTree = "<group>"; };
		4699B67F20AAD4C3008E1E87 /* XDProgressView.h */ = {isa = PBXFileReference; fileEncoding = 4; lastKnownFileType = sourcecode.c.h; path = XDProgressView.h; sourceTree = "<group>"; };
		4699B68020AAD4C3008E1E87 /* XDProgressView.m */ = {isa = PBXFileReference; fileEncoding = 4; lastKnownFileType = sourcecode.c.objc; path = XDProgressView.m; sourceTree = "<group>"; };
		4699B68220B25F49008E1E87 /* RecommendVideoCell.h */ = {isa = PBXFileReference; lastKnownFileType = sourcecode.c.h; path = RecommendVideoCell.h; sourceTree = "<group>"; };
		4699B68320B25F49008E1E87 /* RecommendVideoCell.m */ = {isa = PBXFileReference; lastKnownFileType = sourcecode.c.objc; path = RecommendVideoCell.m; sourceTree = "<group>"; };
		4699B68620B3E810008E1E87 /* RecommendPicturesCell.h */ = {isa = PBXFileReference; lastKnownFileType = sourcecode.c.h; path = RecommendPicturesCell.h; sourceTree = "<group>"; };
		4699B68720B3E810008E1E87 /* RecommendPicturesCell.m */ = {isa = PBXFileReference; lastKnownFileType = sourcecode.c.objc; path = RecommendPicturesCell.m; sourceTree = "<group>"; };
		4699B68920B3EE09008E1E87 /* MonoEnum.h */ = {isa = PBXFileReference; lastKnownFileType = sourcecode.c.h; path = MonoEnum.h; sourceTree = "<group>"; };
		4699B68A20B3F9F4008E1E87 /* RecommendTeaCell.h */ = {isa = PBXFileReference; lastKnownFileType = sourcecode.c.h; path = RecommendTeaCell.h; sourceTree = "<group>"; };
		4699B68B20B3F9F4008E1E87 /* RecommendTeaCell.m */ = {isa = PBXFileReference; lastKnownFileType = sourcecode.c.objc; path = RecommendTeaCell.m; sourceTree = "<group>"; };
		4699B68D20B54F22008E1E87 /* MNWebViewController.h */ = {isa = PBXFileReference; lastKnownFileType = sourcecode.c.h; path = MNWebViewController.h; sourceTree = "<group>"; };
		4699B68E20B54F22008E1E87 /* MNWebViewController.m */ = {isa = PBXFileReference; lastKnownFileType = sourcecode.c.objc; path = MNWebViewController.m; sourceTree = "<group>"; };
		4699B69020B654FA008E1E87 /* test.html */ = {isa = PBXFileReference; lastKnownFileType = text.html; path = test.html; sourceTree = "<group>"; };
		4699B69120B656F8008E1E87 /* test1.js */ = {isa = PBXFileReference; lastKnownFileType = sourcecode.javascript; path = test1.js; sourceTree = "<group>"; };
		46B20B1720BCEC840030741C /* test.css */ = {isa = PBXFileReference; lastKnownFileType = text.css; path = test.css; sourceTree = "<group>"; };
		46B20B1B20BD35570030741C /* WebNavTitleView.h */ = {isa = PBXFileReference; lastKnownFileType = sourcecode.c.h; path = WebNavTitleView.h; sourceTree = "<group>"; };
		46B20B1C20BD35570030741C /* WebNavTitleView.m */ = {isa = PBXFileReference; lastKnownFileType = sourcecode.c.objc; path = WebNavTitleView.m; sourceTree = "<group>"; };
		46B20B2E20BE47DB0030741C /* JKJSONHandler.m */ = {isa = PBXFileReference; fileEncoding = 4; lastKnownFileType = sourcecode.c.objc; path = JKJSONHandler.m; sourceTree = "<group>"; };
		46B20B2F20BE47DB0030741C /* JKRouter.h */ = {isa = PBXFileReference; fileEncoding = 4; lastKnownFileType = sourcecode.c.h; path = JKRouter.h; sourceTree = "<group>"; };
		46B20B3020BE47DB0030741C /* UIViewController+JKRouter.h */ = {isa = PBXFileReference; fileEncoding = 4; lastKnownFileType = sourcecode.c.h; path = "UIViewController+JKRouter.h"; sourceTree = "<group>"; };
		46B20B3120BE47DB0030741C /* JKJSONHandler.h */ = {isa = PBXFileReference; fileEncoding = 4; lastKnownFileType = sourcecode.c.h; path = JKJSONHandler.h; sourceTree = "<group>"; };
		46B20B3220BE47DB0030741C /* UIViewController+JKRouter.m */ = {isa = PBXFileReference; fileEncoding = 4; lastKnownFileType = sourcecode.c.objc; path = "UIViewController+JKRouter.m"; sourceTree = "<group>"; };
		46B20B3320BE47DB0030741C /* JKRouterExtension.m */ = {isa = PBXFileReference; fileEncoding = 4; lastKnownFileType = sourcecode.c.objc; path = JKRouterExtension.m; sourceTree = "<group>"; };
		46B20B3420BE47DB0030741C /* JKRouterExtension.h */ = {isa = PBXFileReference; fileEncoding = 4; lastKnownFileType = sourcecode.c.h; path = JKRouterExtension.h; sourceTree = "<group>"; };
		46B20B3520BE47DB0030741C /* JKRouter.m */ = {isa = PBXFileReference; fileEncoding = 4; lastKnownFileType = sourcecode.c.objc; path = JKRouter.m; sourceTree = "<group>"; };
		46B20B3620BE47DB0030741C /* JKRouterHeader.h */ = {isa = PBXFileReference; fileEncoding = 4; lastKnownFileType = sourcecode.c.h; path = JKRouterHeader.h; sourceTree = "<group>"; };
		46B20B3F20BE84390030741C /* DiscoverModel.h */ = {isa = PBXFileReference; lastKnownFileType = sourcecode.c.h; path = DiscoverModel.h; sourceTree = "<group>"; };
		46B20B4020BE84390030741C /* DiscoverModel.m */ = {isa = PBXFileReference; lastKnownFileType = sourcecode.c.objc; path = DiscoverModel.m; sourceTree = "<group>"; };
		46B20B4220BE89560030741C /* DiscoverVM.h */ = {isa = PBXFileReference; lastKnownFileType = sourcecode.c.h; path = DiscoverVM.h; sourceTree = "<group>"; };
		46B20B4320BE89560030741C /* DiscoverVM.m */ = {isa = PBXFileReference; lastKnownFileType = sourcecode.c.objc; path = DiscoverVM.m; sourceTree = "<group>"; };
		46B20B4520BE8A240030741C /* DiscoverNetWork.h */ = {isa = PBXFileReference; lastKnownFileType = sourcecode.c.h; path = DiscoverNetWork.h; sourceTree = "<group>"; };
		46B20B4620BE8A240030741C /* DiscoverNetWork.m */ = {isa = PBXFileReference; lastKnownFileType = sourcecode.c.objc; path = DiscoverNetWork.m; sourceTree = "<group>"; };
		46B20B4B20BE8F6D0030741C /* DiscoverBannerHeaderView.h */ = {isa = PBXFileReference; lastKnownFileType = sourcecode.c.h; path = DiscoverBannerHeaderView.h; sourceTree = "<group>"; };
		46B20B4C20BE8F6D0030741C /* DiscoverBannerHeaderView.m */ = {isa = PBXFileReference; lastKnownFileType = sourcecode.c.objc; path = DiscoverBannerHeaderView.m; sourceTree = "<group>"; };
		46B20B4E20BF86270030741C /* WebThirdTitleView.h */ = {isa = PBXFileReference; lastKnownFileType = sourcecode.c.h; path = WebThirdTitleView.h; sourceTree = "<group>"; };
		46B20B4F20BF86270030741C /* WebThirdTitleView.m */ = {isa = PBXFileReference; lastKnownFileType = sourcecode.c.objc; path = WebThirdTitleView.m; sourceTree = "<group>"; };
		46B20B5120BF910B0030741C /* ITCAvantGardeStd-XLtObl.otf */ = {isa = PBXFileReference; lastKnownFileType = file; path = "ITCAvantGardeStd-XLtObl.otf"; sourceTree = "<group>"; };
		46B20B5620BFA7260030741C /* MBSwitch.m */ = {isa = PBXFileReference; fileEncoding = 4; lastKnownFileType = sourcecode.c.objc; path = MBSwitch.m; sourceTree = "<group>"; };
		46B20B5720BFA7260030741C /* MBSwitch.h */ = {isa = PBXFileReference; fileEncoding = 4; lastKnownFileType = sourcecode.c.h; path = MBSwitch.h; sourceTree = "<group>"; };
		46B20B5D20C0DC440030741C /* PlayMusicController.h */ = {isa = PBXFileReference; lastKnownFileType = sourcecode.c.h; path = PlayMusicController.h; sourceTree = "<group>"; };
		46B20B5E20C0DC440030741C /* PlayMusicController.m */ = {isa = PBXFileReference; lastKnownFileType = sourcecode.c.objc; path = PlayMusicController.m; sourceTree = "<group>"; };
		46D5430E2083382900C38643 /* MNNetworkTool.h */ = {isa = PBXFileReference; fileEncoding = 4; lastKnownFileType = sourcecode.c.h; path = MNNetworkTool.h; sourceTree = "<group>"; };
		46D5430F2083382A00C38643 /* MNNetworkTool.m */ = {isa = PBXFileReference; fileEncoding = 4; lastKnownFileType = sourcecode.c.objc; path = MNNetworkTool.m; sourceTree = "<group>"; };
		46E67BCF207E55E20089AD25 /* SPPageMenu.m */ = {isa = PBXFileReference; fileEncoding = 4; lastKnownFileType = sourcecode.c.objc; path = SPPageMenu.m; sourceTree = "<group>"; };
		46E67BD0207E55E20089AD25 /* SPPageMenu.h */ = {isa = PBXFileReference; fileEncoding = 4; lastKnownFileType = sourcecode.c.h; path = SPPageMenu.h; sourceTree = "<group>"; };
		46EFA9CF209438C800AC1D41 /* RCConfig.plist */ = {isa = PBXFileReference; fileEncoding = 4; lastKnownFileType = text.plist.xml; path = RCConfig.plist; sourceTree = "<group>"; };
		46EFA9D520943A2A00AC1D41 /* ITCAvantGardeStd-Bk.otf */ = {isa = PBXFileReference; lastKnownFileType = file; path = "ITCAvantGardeStd-Bk.otf"; sourceTree = "<group>"; };
		46EFA9D72095A46600AC1D41 /* AdLaunchManager.h */ = {isa = PBXFileReference; lastKnownFileType = sourcecode.c.h; path = AdLaunchManager.h; sourceTree = "<group>"; };
		46EFA9D82095A46600AC1D41 /* AdLaunchManager.m */ = {isa = PBXFileReference; lastKnownFileType = sourcecode.c.objc; path = AdLaunchManager.m; sourceTree = "<group>"; };
		46EFA9DA2095AA6000AC1D41 /* AdModel.h */ = {isa = PBXFileReference; lastKnownFileType = sourcecode.c.h; path = AdModel.h; sourceTree = "<group>"; };
		46EFA9DB2095AA6000AC1D41 /* AdModel.m */ = {isa = PBXFileReference; lastKnownFileType = sourcecode.c.objc; path = AdModel.m; sourceTree = "<group>"; };
		46EFA9DD2095BA0800AC1D41 /* RecommendImageBgCell.h */ = {isa = PBXFileReference; lastKnownFileType = sourcecode.c.h; path = RecommendImageBgCell.h; sourceTree = "<group>"; };
		46EFA9DE2095BA0800AC1D41 /* RecommendImageBgCell.m */ = {isa = PBXFileReference; lastKnownFileType = sourcecode.c.objc; path = RecommendImageBgCell.m; sourceTree = "<group>"; };
		46EFA9E02095BCD600AC1D41 /* CommendMethod.h */ = {isa = PBXFileReference; lastKnownFileType = sourcecode.c.h; path = CommendMethod.h; sourceTree = "<group>"; };
		46EFA9E12095BCD600AC1D41 /* CommendMethod.m */ = {isa = PBXFileReference; lastKnownFileType = sourcecode.c.objc; path = CommendMethod.m; sourceTree = "<group>"; };
		46EFA9E520960A5100AC1D41 /* RQShineLabel.m */ = {isa = PBXFileReference; fileEncoding = 4; lastKnownFileType = sourcecode.c.objc; path = RQShineLabel.m; sourceTree = "<group>"; };
		46EFA9E620960A5100AC1D41 /* RQShineLabel.h */ = {isa = PBXFileReference; fileEncoding = 4; lastKnownFileType = sourcecode.c.h; path = RQShineLabel.h; sourceTree = "<group>"; };
		46EFA9E82096A9AC00AC1D41 /* RecommendImagesCell.h */ = {isa = PBXFileReference; lastKnownFileType = sourcecode.c.h; path = RecommendImagesCell.h; sourceTree = "<group>"; };
		46EFA9E92096A9AC00AC1D41 /* RecommendImagesCell.m */ = {isa = PBXFileReference; lastKnownFileType = sourcecode.c.objc; path = RecommendImagesCell.m; sourceTree = "<group>"; };
		5243C0A2A91906272ED2C674 /* Pods-高仿MONO.debug.xcconfig */ = {isa = PBXFileReference; includeInIndex = 1; lastKnownFileType = text.xcconfig; name = "Pods-高仿MONO.debug.xcconfig"; path = "Pods/Target Support Files/Pods-高仿MONO/Pods-高仿MONO.debug.xcconfig"; sourceTree = "<group>"; };
		F3B1967B1A214406558A4F20 /* libPods-高仿MONOUITests.a */ = {isa = PBXFileReference; explicitFileType = archive.ar; includeInIndex = 0; path = "libPods-高仿MONOUITests.a"; sourceTree = BUILT_PRODUCTS_DIR; };
		FC183F150C2C571F8B7BC729 /* libPods-高仿MONO.a */ = {isa = PBXFileReference; explicitFileType = archive.ar; includeInIndex = 0; path = "libPods-高仿MONO.a"; sourceTree = BUILT_PRODUCTS_DIR; };
/* End PBXFileReference section */

/* Begin PBXFrameworksBuildPhase section */
		4619BDEC207C4D4F00065016 /* Frameworks */ = {
			isa = PBXFrameworksBuildPhase;
			buildActionMask = 2147483647;
			files = (
				F32AEF373ABABF531789A361 /* libPods-高仿MONO.a in Frameworks */,
			);
			runOnlyForDeploymentPostprocessing = 0;
		};
		4619BE04207C4D5200065016 /* Frameworks */ = {
			isa = PBXFrameworksBuildPhase;
			buildActionMask = 2147483647;
			files = (
			);
			runOnlyForDeploymentPostprocessing = 0;
		};
		4619BE0F207C4D5200065016 /* Frameworks */ = {
			isa = PBXFrameworksBuildPhase;
			buildActionMask = 2147483647;
			files = (
			);
			runOnlyForDeploymentPostprocessing = 0;
		};
/* End PBXFrameworksBuildPhase section */

/* Begin PBXGroup section */
		4618492D208B31A500D076B3 /* Service */ = {
			isa = PBXGroup;
			children = (
				4618492E208B322B00D076B3 /* RecommendNetWork.h */,
				4618492F208B322B00D076B3 /* RecommendNetWork.m */,
			);
			path = Service;
			sourceTree = "<group>";
		};
		46184A9620902CD900D076B3 /* SDAutoLayout */ = {
			isa = PBXGroup;
			children = (
				46184A9720902CE400D076B3 /* SDAutoLayout.h */,
				46184A9920902CE400D076B3 /* UITableView+SDAutoTableViewCellHeight.h */,
				46184A9820902CE400D076B3 /* UITableView+SDAutoTableViewCellHeight.m */,
				46184A9A20902CE400D076B3 /* UIView+SDAutoLayout.h */,
				46184A9B20902CE400D076B3 /* UIView+SDAutoLayout.m */,
			);
			path = SDAutoLayout;
			sourceTree = "<group>";
		};
		46184AA12092D08C00D076B3 /* ACActionSheet */ = {
			isa = PBXGroup;
			children = (
				46184AA32092D08C00D076B3 /* ACActionSheet.bundle */,
				46184AA22092D08C00D076B3 /* ACActionSheet.h */,
				46184AA42092D08D00D076B3 /* ACActionSheet.m */,
			);
			path = ACActionSheet;
			sourceTree = "<group>";
		};
		4619BDE6207C4D4F00065016 = {
			isa = PBXGroup;
			children = (
				4619BDF1207C4D4F00065016 /* 高仿MONO */,
				4619BE0A207C4D5200065016 /* 高仿MONOTests */,
				4619BE15207C4D5200065016 /* 高仿MONOUITests */,
				4619BDF0207C4D4F00065016 /* Products */,
				E3F66D3FF0C76F27375BBAB9 /* Pods */,
				D2F38477866417EDCCBEF3EE /* Frameworks */,
			);
			sourceTree = "<group>";
		};
		4619BDF0207C4D4F00065016 /* Products */ = {
			isa = PBXGroup;
			children = (
				4619BDEF207C4D4F00065016 /* 高仿MONO.app */,
				4619BE07207C4D5200065016 /* 高仿MONOTests.xctest */,
				4619BE12207C4D5200065016 /* 高仿MONOUITests.xctest */,
			);
			name = Products;
			sourceTree = "<group>";
		};
		4619BDF1207C4D4F00065016 /* 高仿MONO */ = {
			isa = PBXGroup;
			children = (
				461D3F872086430F00F3FBA1 /* Macro */,
				464173AA208848DE006595EE /* Appdelegate */,
				464173A320884826006595EE /* Class */,
				464173A120884785006595EE /* Resource */,
				46E67BCE207E55D60089AD25 /* Vendor */,
				46D5430D2083380800C38643 /* Tool */,
			);
			path = "高仿MONO";
			sourceTree = "<group>";
		};
		4619BE0A207C4D5200065016 /* 高仿MONOTests */ = {
			isa = PBXGroup;
			children = (
				4619BE0B207C4D5200065016 /* __MONOTests.m */,
				4619BE0D207C4D5200065016 /* Info.plist */,
			);
			path = "高仿MONOTests";
			sourceTree = "<group>";
		};
		4619BE15207C4D5200065016 /* 高仿MONOUITests */ = {
			isa = PBXGroup;
			children = (
				4619BE16207C4D5200065016 /* __MONOUITests.m */,
				4619BE18207C4D5200065016 /* Info.plist */,
			);
			path = "高仿MONOUITests";
			sourceTree = "<group>";
		};
		461D3F872086430F00F3FBA1 /* Macro */ = {
			isa = PBXGroup;
			children = (
				461D3F882086432E00F3FBA1 /* MNPrefix.pch */,
				4699B68920B3EE09008E1E87 /* MonoEnum.h */,
			);
			path = Macro;
			sourceTree = "<group>";
		};
		461D3FDB20873F4000F3FBA1 /* Categorys */ = {
			isa = PBXGroup;
			children = (
				46184A88208F28CC00D076B3 /* UIColor+Additions.h */,
				46184A89208F28CC00D076B3 /* UIColor+Additions.m */,
				46184955208ED4ED00D076B3 /* NSObject+Additions.h */,
				46184956208ED4ED00D076B3 /* NSObject+Additions.m */,
				46184952208EBCEF00D076B3 /* NSDictionary+Additions.h */,
				46184953208EBCEF00D076B3 /* NSDictionary+Additions.m */,
				461D3FDF20873F5900F3FBA1 /* UIView+Additions.h */,
				461D3FDD20873F5900F3FBA1 /* UIView+Additions.m */,
				4618493D208DCD5600D076B3 /* NSArray+MHAdd.h */,
				4618493E208DCD5600D076B3 /* NSArray+MHAdd.m */,
				4618495B208EDFEB00D076B3 /* UIImageView+WebLoad.h */,
				4618495C208EDFEB00D076B3 /* UIImageView+WebLoad.m */,
				4618495E208EFA4500D076B3 /* MBProgressHUD+Message.h */,
				4618495F208EFA4500D076B3 /* MBProgressHUD+Message.m */,
			);
			path = Categorys;
			sourceTree = "<group>";
		};
		461D3FDC20873F5900F3FBA1 /* MHRefresh */ = {
			isa = PBXGroup;
			children = (
				46184931208DB81600D076B3 /* MNRefreshBlackHeader.h */,
				46184932208DB81600D076B3 /* MNRefreshBlackHeader.m */,
				46184937208DBD8500D076B3 /* MNRefreshFooter.h */,
				46184938208DBD8500D076B3 /* MNRefreshFooter.m */,
			);
			path = MHRefresh;
			sourceTree = "<group>";
		};
		464173A120884785006595EE /* Resource */ = {
			isa = PBXGroup;
			children = (
				46B20B5120BF910B0030741C /* ITCAvantGardeStd-XLtObl.otf */,
				46EFA9D520943A2A00AC1D41 /* ITCAvantGardeStd-Bk.otf */,
				46EFA9CF209438C800AC1D41 /* RCConfig.plist */,
				4619BE00207C4D5200065016 /* Info.plist */,
				464173B8208987BC006595EE /* Video */,
				464173A9208848C0006595EE /* File */,
				464173A22088478E006595EE /* Images */,
			);
			path = Resource;
			sourceTree = "<group>";
		};
		464173A22088478E006595EE /* Images */ = {
			isa = PBXGroup;
			children = (
				4643209120C63C71005E62F7 /* 77.gif */,
				4619BE24207C577900065016 /* image.xcassets */,
			);
			path = Images;
			sourceTree = "<group>";
		};
		464173A320884826006595EE /* Class */ = {
			isa = PBXGroup;
			children = (
				464173A820884878006595EE /* Base */,
				461D3FDB20873F4000F3FBA1 /* Categorys */,
				464173A420884836006595EE /* Recommend */,
				464173A720884868006595EE /* Mine */,
				464173A62088485B006595EE /* Community */,
				464173A52088484E006595EE /* Discover */,
			);
			path = Class;
			sourceTree = "<group>";
		};
		464173A420884836006595EE /* Recommend */ = {
			isa = PBXGroup;
			children = (
				4618492D208B31A500D076B3 /* Service */,
				464173AD208977C9006595EE /* ViewModel */,
				464173AC208977C3006595EE /* Model */,
				464173AB208977BD006595EE /* View */,
			);
			path = Recommend;
			sourceTree = "<group>";
		};
		464173A52088484E006595EE /* Discover */ = {
			isa = PBXGroup;
			children = (
				46B20B3E20BE81B00030741C /* View */,
				46B20B3D20BE81AA0030741C /* Model */,
				46B20B3C20BE819C0030741C /* ModelView */,
				46B20B3B20BE81930030741C /* Service */,
				4619BE6F207CF8A200065016 /* DiscoverVC.h */,
				4619BE70207CF8A200065016 /* DiscoverVC.m */,
			);
			path = Discover;
			sourceTree = "<group>";
		};
		464173A62088485B006595EE /* Community */ = {
			isa = PBXGroup;
			children = (
				4619BE72207CF8C100065016 /* CommunityVC.h */,
				4619BE73207CF8C100065016 /* CommunityVC.m */,
			);
			path = Community;
			sourceTree = "<group>";
		};
		464173A720884868006595EE /* Mine */ = {
			isa = PBXGroup;
			children = (
				4619BE75207CF8D800065016 /* MineVC.h */,
				4619BE76207CF8D800065016 /* MineVC.m */,
			);
			path = Mine;
			sourceTree = "<group>";
		};
		464173A820884878006595EE /* Base */ = {
			isa = PBXGroup;
			children = (
				46B20B1A20BD34640030741C /* WebView */,
				4619BE66207CF7F600065016 /* MNBaseController.h */,
				4619BE67207CF7F600065016 /* MNBaseController.m */,
				4619BE7E207D0A4300065016 /* MNBaseTabbarController.h */,
				4619BE7F207D0A4300065016 /* MNBaseTabbarController.m */,
				4619BE7B207CF99F00065016 /* MNNavigationController.h */,
				4619BE7C207CF99F00065016 /* MNNavigationController.m */,
				464173AF2089780C006595EE /* MNBaseModel.h */,
				464173B02089780C006595EE /* MNBaseModel.m */,
				4643205420C0EFD6005E62F7 /* BaseModel.h */,
				4643205520C0EFD6005E62F7 /* BaseModel.m */,
				46184940208E183900D076B3 /* MNBaseTableViewCell.h */,
				46184941208E183900D076B3 /* MNBaseTableViewCell.m */,
				4699B69020B654FA008E1E87 /* test.html */,
				4643205120C0EA35005E62F7 /* FileManager.h */,
				4643205220C0EA35005E62F7 /* FileManager.m */,
			);
			path = Base;
			sourceTree = "<group>";
		};
		464173A9208848C0006595EE /* File */ = {
			isa = PBXGroup;
			children = (
				4619BDF8207C4D4F00065016 /* Main.storyboard */,
				4619BDFD207C4D5200065016 /* LaunchScreen.storyboard */,
				4619BE01207C4D5200065016 /* main.m */,
			);
			path = File;
			sourceTree = "<group>";
		};
		464173AA208848DE006595EE /* Appdelegate */ = {
			isa = PBXGroup;
			children = (
				4619BDF2207C4D4F00065016 /* AppDelegate.h */,
				4619BDF3207C4D4F00065016 /* AppDelegate.m */,
				46EFA9D72095A46600AC1D41 /* AdLaunchManager.h */,
				46EFA9D82095A46600AC1D41 /* AdLaunchManager.m */,
				46EFA9DA2095AA6000AC1D41 /* AdModel.h */,
				46EFA9DB2095AA6000AC1D41 /* AdModel.m */,
			);
			path = Appdelegate;
			sourceTree = "<group>";
		};
		464173AB208977BD006595EE /* View */ = {
			isa = PBXGroup;
			children = (
				46B20B5C20C0DBFD0030741C /* Cell */,
				4699B67320A96785008E1E87 /* MusicViews */,
				46EFA9EF2096AB3400AC1D41 /* CellView */,
				46EFA9EB2096AB1100AC1D41 /* PhotoContanier */,
				4619BE6C207CF88200065016 /* RecommendVC.h */,
				4619BE6D207CF88200065016 /* RecommendVC.m */,
				4618493A208DC2B200D076B3 /* RecommendTypeVC.h */,
				4618493B208DC2B200D076B3 /* RecommendTypeVC.m */,
				46B20B5D20C0DC440030741C /* PlayMusicController.h */,
				46B20B5E20C0DC440030741C /* PlayMusicController.m */,
			);
			path = View;
			sourceTree = "<group>";
		};
		464173AC208977C3006595EE /* Model */ = {
			isa = PBXGroup;
			children = (
				464173B520897D07006595EE /* RecommendModel.h */,
				464173B620897D07006595EE /* RecommendModel.m */,
			);
			path = Model;
			sourceTree = "<group>";
		};
		464173AD208977C9006595EE /* ViewModel */ = {
			isa = PBXGroup;
			children = (
				464173B220897AAD006595EE /* RecommendVM.h */,
				464173B320897AAD006595EE /* RecommendVM.m */,
			);
			path = ViewModel;
			sourceTree = "<group>";
		};
		464173B8208987BC006595EE /* Video */ = {
			isa = PBXGroup;
			children = (
			);
			path = Video;
			sourceTree = "<group>";
		};
		4643207820C50E0E005E62F7 /* ZZCircleProgress */ = {
			isa = PBXGroup;
			children = (
				4643207920C50E0E005E62F7 /* ZZCACircleProgress.m */,
				4643207A20C50E0E005E62F7 /* NSTimer+timerBlock.m */,
				4643207B20C50E0E005E62F7 /* ZZCircleProgress.bundle */,
				4643207C20C50E0E005E62F7 /* ZZCircleProgress.h */,
				4643207D20C50E0E005E62F7 /* ZZCountingLabel.m */,
				4643207E20C50E0E005E62F7 /* NSTimer+timerBlock.h */,
				4643207F20C50E0E005E62F7 /* ZZCACircleProgress.h */,
				4643208020C50E0E005E62F7 /* ZZCountingLabel.h */,
				4643208120C50E0E005E62F7 /* ZZCircleProgress.m */,
			);
			path = ZZCircleProgress;
			sourceTree = "<group>";
		};
		4655037A20A1976300E8C8B2 /* YBImageBrowser */ = {
			isa = PBXGroup;
			children = (
				4655037B20A1976300E8C8B2 /* Transition */,
				4655037E20A1976300E8C8B2 /* FunctionBar */,
				4655038320A1976300E8C8B2 /* ToolBar */,
				4655038620A1976300E8C8B2 /* YBImageBrowser.m */,
				4655038720A1976300E8C8B2 /* CoreStructure */,
				4655039020A1976300E8C8B2 /* Utilities */,
				4655039A20A1976300E8C8B2 /* AssistBar */,
				4655039F20A1976300E8C8B2 /* YBImageBrowser.h */,
				465503A020A1976300E8C8B2 /* YBImageBrowser.bundle */,
			);
			path = YBImageBrowser;
			sourceTree = "<group>";
		};
		4655037B20A1976300E8C8B2 /* Transition */ = {
			isa = PBXGroup;
			children = (
				4655037C20A1976300E8C8B2 /* YBImageBrowserAnimatedTransitioning.h */,
				4655037D20A1976300E8C8B2 /* YBImageBrowserAnimatedTransitioning.m */,
			);
			path = Transition;
			sourceTree = "<group>";
		};
		4655037E20A1976300E8C8B2 /* FunctionBar */ = {
			isa = PBXGroup;
			children = (
				4655037F20A1976300E8C8B2 /* YBImageBrowserFunctionBar.h */,
				4655038020A1976300E8C8B2 /* YBImageBrowserFunctionModel.m */,
				4655038120A1976300E8C8B2 /* YBImageBrowserFunctionBar.m */,
				4655038220A1976300E8C8B2 /* YBImageBrowserFunctionModel.h */,
			);
			path = FunctionBar;
			sourceTree = "<group>";
		};
		4655038320A1976300E8C8B2 /* ToolBar */ = {
			isa = PBXGroup;
			children = (
				4655038420A1976300E8C8B2 /* YBImageBrowserToolBar.m */,
				4655038520A1976300E8C8B2 /* YBImageBrowserToolBar.h */,
			);
			path = ToolBar;
			sourceTree = "<group>";
		};
		4655038720A1976300E8C8B2 /* CoreStructure */ = {
			isa = PBXGroup;
			children = (
				4655038820A1976300E8C8B2 /* YBImageBrowserCell.m */,
				4655038920A1976300E8C8B2 /* YBImageBrowserModel.h */,
				4655038A20A1976300E8C8B2 /* YBImageBrowserView.m */,
				4655038B20A1976300E8C8B2 /* YBImageBrowserViewLayout.h */,
				4655038C20A1976300E8C8B2 /* YBImageBrowserModel.m */,
				4655038D20A1976300E8C8B2 /* YBImageBrowserCell.h */,
				4655038E20A1976300E8C8B2 /* YBImageBrowserView.h */,
				4655038F20A1976300E8C8B2 /* YBImageBrowserViewLayout.m */,
			);
			path = CoreStructure;
			sourceTree = "<group>";
		};
		4655039020A1976300E8C8B2 /* Utilities */ = {
			isa = PBXGroup;
			children = (
				4655039120A1976300E8C8B2 /* YBImageBrowserScreenOrientationProtocol.h */,
				4655039220A1976300E8C8B2 /* NSBundle+YBImageBrowser.h */,
				4655039320A1976300E8C8B2 /* YBImageBrowserCopywriter.h */,
				4655039420A1976300E8C8B2 /* YBImageBrowserUtilities.h */,
				4655039520A1976300E8C8B2 /* YBImageBrowserDownloader.h */,
				4655039620A1976300E8C8B2 /* YBImageBrowserCopywriter.m */,
				4655039720A1976300E8C8B2 /* NSBundle+YBImageBrowser.m */,
				4655039820A1976300E8C8B2 /* YBImageBrowserUtilities.m */,
				4655039920A1976300E8C8B2 /* YBImageBrowserDownloader.m */,
			);
			path = Utilities;
			sourceTree = "<group>";
		};
		4655039A20A1976300E8C8B2 /* AssistBar */ = {
			isa = PBXGroup;
			children = (
				4655039B20A1976300E8C8B2 /* YBImageBrowserPromptBar.m */,
				4655039C20A1976300E8C8B2 /* YBImageBrowserProgressBar.m */,
				4655039D20A1976300E8C8B2 /* YBImageBrowserPromptBar.h */,
				4655039E20A1976300E8C8B2 /* YBImageBrowserProgressBar.h */,
			);
			path = AssistBar;
			sourceTree = "<group>";
		};
		4699B67320A96785008E1E87 /* MusicViews */ = {
			isa = PBXGroup;
			children = (
				4699B67420A967AB008E1E87 /* MusicCDView.h */,
				4699B67520A967AB008E1E87 /* MusicCDView.m */,
				4699B67B20AAC1DD008E1E87 /* MusicProgressView.h */,
				4699B67C20AAC1DD008E1E87 /* MusicProgressView.m */,
			);
			path = MusicViews;
			sourceTree = "<group>";
		};
		4699B67720A98866008E1E87 /* MNMusicPlayer */ = {
			isa = PBXGroup;
			children = (
				4699B67820A98882008E1E87 /* MNMusicPlayer.h */,
				4699B67920A98882008E1E87 /* MNMusicPlayer.m */,
			);
			path = MNMusicPlayer;
			sourceTree = "<group>";
		};
		4699B67E20AAD4C3008E1E87 /* XDProgressView */ = {
			isa = PBXGroup;
			children = (
				4699B67F20AAD4C3008E1E87 /* XDProgressView.h */,
				4699B68020AAD4C3008E1E87 /* XDProgressView.m */,
			);
			path = XDProgressView;
			sourceTree = "<group>";
		};
		46B20B1A20BD34640030741C /* WebView */ = {
			isa = PBXGroup;
			children = (
				4699B68D20B54F22008E1E87 /* MNWebViewController.h */,
				4699B68E20B54F22008E1E87 /* MNWebViewController.m */,
				46B20B1B20BD35570030741C /* WebNavTitleView.h */,
				46B20B1C20BD35570030741C /* WebNavTitleView.m */,
				46B20B4E20BF86270030741C /* WebThirdTitleView.h */,
				46B20B4F20BF86270030741C /* WebThirdTitleView.m */,
				4699B69120B656F8008E1E87 /* test1.js */,
				46B20B1720BCEC840030741C /* test.css */,
			);
			path = WebView;
			sourceTree = "<group>";
		};
		46B20B2D20BE47BB0030741C /* JKRouter */ = {
			isa = PBXGroup;
			children = (
				46B20B3120BE47DB0030741C /* JKJSONHandler.h */,
				46B20B2E20BE47DB0030741C /* JKJSONHandler.m */,
				46B20B2F20BE47DB0030741C /* JKRouter.h */,
				46B20B3520BE47DB0030741C /* JKRouter.m */,
				46B20B3420BE47DB0030741C /* JKRouterExtension.h */,
				46B20B3320BE47DB0030741C /* JKRouterExtension.m */,
				46B20B3620BE47DB0030741C /* JKRouterHeader.h */,
				46B20B3020BE47DB0030741C /* UIViewController+JKRouter.h */,
				46B20B3220BE47DB0030741C /* UIViewController+JKRouter.m */,
			);
			path = JKRouter;
			sourceTree = "<group>";
		};
		46B20B3B20BE81930030741C /* Service */ = {
			isa = PBXGroup;
			children = (
				46B20B4520BE8A240030741C /* DiscoverNetWork.h */,
				46B20B4620BE8A240030741C /* DiscoverNetWork.m */,
			);
			path = Service;
			sourceTree = "<group>";
		};
		46B20B3C20BE819C0030741C /* ModelView */ = {
			isa = PBXGroup;
			children = (
				46B20B4220BE89560030741C /* DiscoverVM.h */,
				46B20B4320BE89560030741C /* DiscoverVM.m */,
			);
			path = ModelView;
			sourceTree = "<group>";
		};
		46B20B3D20BE81AA0030741C /* Model */ = {
			isa = PBXGroup;
			children = (
				46B20B3F20BE84390030741C /* DiscoverModel.h */,
				46B20B4020BE84390030741C /* DiscoverModel.m */,
			);
			path = Model;
			sourceTree = "<group>";
		};
		46B20B3E20BE81B00030741C /* View */ = {
			isa = PBXGroup;
			children = (
				46B20B4B20BE8F6D0030741C /* DiscoverBannerHeaderView.h */,
				46B20B4C20BE8F6D0030741C /* DiscoverBannerHeaderView.m */,
			);
			path = View;
			sourceTree = "<group>";
		};
		46B20B5520BFA7260030741C /* MBSwitch */ = {
			isa = PBXGroup;
			children = (
				46B20B5620BFA7260030741C /* MBSwitch.m */,
				46B20B5720BFA7260030741C /* MBSwitch.h */,
			);
			path = MBSwitch;
			sourceTree = "<group>";
		};
		46B20B5C20C0DBFD0030741C /* Cell */ = {
			isa = PBXGroup;
			children = (
				46184943208E194000D076B3 /* RecommendReadCell.h */,
				46184944208E194000D076B3 /* RecommendReadCell.m */,
				46EFA9DD2095BA0800AC1D41 /* RecommendImageBgCell.h */,
				46EFA9DE2095BA0800AC1D41 /* RecommendImageBgCell.m */,
				46EFA9E82096A9AC00AC1D41 /* RecommendImagesCell.h */,
				46EFA9E92096A9AC00AC1D41 /* RecommendImagesCell.m */,
				4699B67020A93AF7008E1E87 /* RecommendMusicCell.h */,
				4699B67120A93AF7008E1E87 /* RecommendMusicCell.m */,
				4699B68220B25F49008E1E87 /* RecommendVideoCell.h */,
				4699B68320B25F49008E1E87 /* RecommendVideoCell.m */,
				4699B68620B3E810008E1E87 /* RecommendPicturesCell.h */,
				4699B68720B3E810008E1E87 /* RecommendPicturesCell.m */,
				4699B68A20B3F9F4008E1E87 /* RecommendTeaCell.h */,
				4699B68B20B3F9F4008E1E87 /* RecommendTeaCell.m */,
			);
			path = Cell;
			sourceTree = "<group>";
		};
		46D5430D2083380800C38643 /* Tool */ = {
			isa = PBXGroup;
			children = (
				4699B67720A98866008E1E87 /* MNMusicPlayer */,
				46EFA9E32095BCDB00AC1D41 /* CommendMethod */,
				461D3FDC20873F5900F3FBA1 /* MHRefresh */,
				46D5431F2085C38300C38643 /* NetWork */,
			);
			path = Tool;
			sourceTree = "<group>";
		};
		46D5431F2085C38300C38643 /* NetWork */ = {
			isa = PBXGroup;
			children = (
				46D5430E2083382900C38643 /* MNNetworkTool.h */,
				46D5430F2083382A00C38643 /* MNNetworkTool.m */,
			);
			path = NetWork;
			sourceTree = "<group>";
		};
		46E67BCE207E55D60089AD25 /* Vendor */ = {
			isa = PBXGroup;
			children = (
				46B20B5520BFA7260030741C /* MBSwitch */,
				46B20B2D20BE47BB0030741C /* JKRouter */,
				4699B67E20AAD4C3008E1E87 /* XDProgressView */,
				4655037A20A1976300E8C8B2 /* YBImageBrowser */,
				46EFA9E420960A4100AC1D41 /* RQShineLabel */,
				46184AA12092D08C00D076B3 /* ACActionSheet */,
				46184A9620902CD900D076B3 /* SDAutoLayout */,
				46184A85208F17E600D076B3 /* MBProgressHUD.h */,
				46184A86208F17E700D076B3 /* MBProgressHUD.m */,
				46184A82208F0E5C00D076B3 /* YYWeakProxy.h */,
				46184A83208F0E5D00D076B3 /* YYWeakProxy.m */,
				46184961208F01CC00D076B3 /* YYFPSLabel.h */,
				46184962208F01CC00D076B3 /* YYFPSLabel.m */,
				46E67BD0207E55E20089AD25 /* SPPageMenu.h */,
				46E67BCF207E55E20089AD25 /* SPPageMenu.m */,
			);
			path = Vendor;
			sourceTree = "<group>";
		};
		46EFA9E32095BCDB00AC1D41 /* CommendMethod */ = {
			isa = PBXGroup;
			children = (
				46EFA9E02095BCD600AC1D41 /* CommendMethod.h */,
				46EFA9E12095BCD600AC1D41 /* CommendMethod.m */,
			);
			path = CommendMethod;
			sourceTree = "<group>";
		};
		46EFA9E420960A4100AC1D41 /* RQShineLabel */ = {
			isa = PBXGroup;
			children = (
				46EFA9E620960A5100AC1D41 /* RQShineLabel.h */,
				46EFA9E520960A5100AC1D41 /* RQShineLabel.m */,
			);
			path = RQShineLabel;
			sourceTree = "<group>";
		};
		46EFA9EB2096AB1100AC1D41 /* PhotoContanier */ = {
			isa = PBXGroup;
			children = (
				4643207820C50E0E005E62F7 /* ZZCircleProgress */,
				4643205720C4E22E005E62F7 /* MNPhotoContainerView.h */,
				4643205820C4E22E005E62F7 /* MNPhotoContainerView.m */,
				4655041920A4285000E8C8B2 /* PhotoProgressView.h */,
				4655041A20A4285000E8C8B2 /* PhotoProgressView.m */,
			);
			path = PhotoContanier;
			sourceTree = "<group>";
		};
		46EFA9EF2096AB3400AC1D41 /* CellView */ = {
			isa = PBXGroup;
			children = (
				46184946208E196900D076B3 /* RecommendCellTitleView.h */,
				46184947208E196900D076B3 /* RecommendCellTitleView.m */,
				46184A8B20900A4500D076B3 /* CommunicateBottomView.h */,
				46184A8C20900A4600D076B3 /* CommunicateBottomView.m */,
				46184A9E2090328400D076B3 /* MNShareMoreView.h */,
				46184A9F2090328400D076B3 /* MNShareMoreView.m */,
			);
			path = CellView;
			sourceTree = "<group>";
		};
		D2F38477866417EDCCBEF3EE /* Frameworks */ = {
			isa = PBXGroup;
			children = (
				FC183F150C2C571F8B7BC729 /* libPods-高仿MONO.a */,
				0485C679BF6EEF99B13F787E /* libPods-高仿MONOTests.a */,
				F3B1967B1A214406558A4F20 /* libPods-高仿MONOUITests.a */,
			);
			name = Frameworks;
			sourceTree = "<group>";
		};
		E3F66D3FF0C76F27375BBAB9 /* Pods */ = {
			isa = PBXGroup;
			children = (
				5243C0A2A91906272ED2C674 /* Pods-高仿MONO.debug.xcconfig */,
				1EB01A41710D1FA94CA97BC6 /* Pods-高仿MONO.release.xcconfig */,
			);
			name = Pods;
			sourceTree = "<group>";
		};
/* End PBXGroup section */

/* Begin PBXNativeTarget section */
		4619BDEE207C4D4F00065016 /* 高仿MONO */ = {
			isa = PBXNativeTarget;
			buildConfigurationList = 4619BE1B207C4D5200065016 /* Build configuration list for PBXNativeTarget "高仿MONO" */;
			buildPhases = (
				434D4D54EE358A67576BE86F /* [CP] Check Pods Manifest.lock */,
				4619BDEB207C4D4F00065016 /* Sources */,
				4619BDEC207C4D4F00065016 /* Frameworks */,
				4619BDED207C4D4F00065016 /* Resources */,
				ACACB03B6F5C5B02D4F9CC28 /* [CP] Copy Pods Resources */,
			);
			buildRules = (
			);
			dependencies = (
			);
			name = "高仿MONO";
			productName = "高仿MONO";
			productReference = 4619BDEF207C4D4F00065016 /* 高仿MONO.app */;
			productType = "com.apple.product-type.application";
		};
		4619BE06207C4D5200065016 /* 高仿MONOTests */ = {
			isa = PBXNativeTarget;
			buildConfigurationList = 4619BE1E207C4D5200065016 /* Build configuration list for PBXNativeTarget "高仿MONOTests" */;
			buildPhases = (
				4619BE03207C4D5200065016 /* Sources */,
				4619BE04207C4D5200065016 /* Frameworks */,
				4619BE05207C4D5200065016 /* Resources */,
			);
			buildRules = (
			);
			dependencies = (
				4619BE09207C4D5200065016 /* PBXTargetDependency */,
			);
			name = "高仿MONOTests";
			productName = "高仿MONOTests";
			productReference = 4619BE07207C4D5200065016 /* 高仿MONOTests.xctest */;
			productType = "com.apple.product-type.bundle.unit-test";
		};
		4619BE11207C4D5200065016 /* 高仿MONOUITests */ = {
			isa = PBXNativeTarget;
			buildConfigurationList = 4619BE21207C4D5200065016 /* Build configuration list for PBXNativeTarget "高仿MONOUITests" */;
			buildPhases = (
				4619BE0E207C4D5200065016 /* Sources */,
				4619BE0F207C4D5200065016 /* Frameworks */,
				4619BE10207C4D5200065016 /* Resources */,
			);
			buildRules = (
			);
			dependencies = (
				4619BE14207C4D5200065016 /* PBXTargetDependency */,
			);
			name = "高仿MONOUITests";
			productName = "高仿MONOUITests";
			productReference = 4619BE12207C4D5200065016 /* 高仿MONOUITests.xctest */;
			productType = "com.apple.product-type.bundle.ui-testing";
		};
/* End PBXNativeTarget section */

/* Begin PBXProject section */
		4619BDE7207C4D4F00065016 /* Project object */ = {
			isa = PBXProject;
			attributes = {
				LastUpgradeCheck = 0930;
				ORGANIZATIONNAME = "徐茂怀";
				TargetAttributes = {
					4619BDEE207C4D4F00065016 = {
						CreatedOnToolsVersion = 9.3;
					};
					4619BE06207C4D5200065016 = {
						CreatedOnToolsVersion = 9.3;
						TestTargetID = 4619BDEE207C4D4F00065016;
					};
					4619BE11207C4D5200065016 = {
						CreatedOnToolsVersion = 9.3;
						TestTargetID = 4619BDEE207C4D4F00065016;
					};
				};
			};
			buildConfigurationList = 4619BDEA207C4D4F00065016 /* Build configuration list for PBXProject "高仿MONO" */;
			compatibilityVersion = "Xcode 9.3";
			developmentRegion = en;
			hasScannedForEncodings = 0;
			knownRegions = (
				en,
				Base,
			);
			mainGroup = 4619BDE6207C4D4F00065016;
			productRefGroup = 4619BDF0207C4D4F00065016 /* Products */;
			projectDirPath = "";
			projectRoot = "";
			targets = (
				4619BDEE207C4D4F00065016 /* 高仿MONO */,
				4619BE06207C4D5200065016 /* 高仿MONOTests */,
				4619BE11207C4D5200065016 /* 高仿MONOUITests */,
			);
		};
/* End PBXProject section */

/* Begin PBXResourcesBuildPhase section */
		4619BDED207C4D4F00065016 /* Resources */ = {
			isa = PBXResourcesBuildPhase;
			buildActionMask = 2147483647;
			files = (
				4643209220C63C75005E62F7 /* 77.gif in Resources */,
				46B20B5A20BFEAF00030741C /* test1.js in Resources */,
				46B20B5B20BFEAF00030741C /* test.css in Resources */,
				4619BE25207C577A00065016 /* image.xcassets in Resources */,
				46B20B5220BF910B0030741C /* ITCAvantGardeStd-XLtObl.otf in Resources */,
				4619BDFF207C4D5200065016 /* LaunchScreen.storyboard in Resources */,
				4619BDFA207C4D4F00065016 /* Main.storyboard in Resources */,
				46EFA9D0209438C800AC1D41 /* RCConfig.plist in Resources */,
				46EFA9D620943A2A00AC1D41 /* ITCAvantGardeStd-Bk.otf in Resources */,
				4643208420C50E0F005E62F7 /* ZZCircleProgress.bundle in Resources */,
				46184AA52092D08D00D076B3 /* ACActionSheet.bundle in Resources */,
				465503B020A1976400E8C8B2 /* YBImageBrowser.bundle in Resources */,
			);
			runOnlyForDeploymentPostprocessing = 0;
		};
		4619BE05207C4D5200065016 /* Resources */ = {
			isa = PBXResourcesBuildPhase;
			buildActionMask = 2147483647;
			files = (
			);
			runOnlyForDeploymentPostprocessing = 0;
		};
		4619BE10207C4D5200065016 /* Resources */ = {
			isa = PBXResourcesBuildPhase;
			buildActionMask = 2147483647;
			files = (
			);
			runOnlyForDeploymentPostprocessing = 0;
		};
/* End PBXResourcesBuildPhase section */

/* Begin PBXShellScriptBuildPhase section */
		434D4D54EE358A67576BE86F /* [CP] Check Pods Manifest.lock */ = {
			isa = PBXShellScriptBuildPhase;
			buildActionMask = 2147483647;
			files = (
			);
			inputPaths = (
				"${PODS_PODFILE_DIR_PATH}/Podfile.lock",
				"${PODS_ROOT}/Manifest.lock",
			);
			name = "[CP] Check Pods Manifest.lock";
			outputPaths = (
				"$(DERIVED_FILE_DIR)/Pods-高仿MONO-checkManifestLockResult.txt",
			);
			runOnlyForDeploymentPostprocessing = 0;
			shellPath = /bin/sh;
			shellScript = "diff \"${PODS_PODFILE_DIR_PATH}/Podfile.lock\" \"${PODS_ROOT}/Manifest.lock\" > /dev/null\nif [ $? != 0 ] ; then\n    # print error to STDERR\n    echo \"error: The sandbox is not in sync with the Podfile.lock. Run 'pod install' or update your CocoaPods installation.\" >&2\n    exit 1\nfi\n# This output is used by Xcode 'outputs' to avoid re-running this script phase.\necho \"SUCCESS\" > \"${SCRIPT_OUTPUT_FILE_0}\"\n";
			showEnvVarsInLog = 0;
		};
		ACACB03B6F5C5B02D4F9CC28 /* [CP] Copy Pods Resources */ = {
			isa = PBXShellScriptBuildPhase;
			buildActionMask = 2147483647;
			files = (
			);
			inputPaths = (
				"${SRCROOT}/Pods/Target Support Files/Pods-高仿MONO/Pods-高仿MONO-resources.sh",
				"${PODS_ROOT}/MJRefresh/MJRefresh/MJRefresh.bundle",
				"${PODS_ROOT}/ZFPlayer/ZFPlayer/ZFPlayer.bundle",
			);
			name = "[CP] Copy Pods Resources";
			outputPaths = (
				"${TARGET_BUILD_DIR}/${UNLOCALIZED_RESOURCES_FOLDER_PATH}/MJRefresh.bundle",
				"${TARGET_BUILD_DIR}/${UNLOCALIZED_RESOURCES_FOLDER_PATH}/ZFPlayer.bundle",
			);
			runOnlyForDeploymentPostprocessing = 0;
			shellPath = /bin/sh;
			shellScript = "\"${SRCROOT}/Pods/Target Support Files/Pods-高仿MONO/Pods-高仿MONO-resources.sh\"\n";
			showEnvVarsInLog = 0;
		};
/* End PBXShellScriptBuildPhase section */

/* Begin PBXSourcesBuildPhase section */
		4619BDEB207C4D4F00065016 /* Sources */ = {
			isa = PBXSourcesBuildPhase;
			buildActionMask = 2147483647;
			files = (
				46184AA02090328400D076B3 /* MNShareMoreView.m in Sources */,
				461D3FE120873F5900F3FBA1 /* UIView+Additions.m in Sources */,
				46184930208B322B00D076B3 /* RecommendNetWork.m in Sources */,
				46B20B4120BE84390030741C /* DiscoverModel.m in Sources */,
				4619BE68207CF7F600065016 /* MNBaseController.m in Sources */,
				46B20B3720BE47DB0030741C /* JKJSONHandler.m in Sources */,
				46184AA62092D08D00D076B3 /* ACActionSheet.m in Sources */,
				46D543102083382B00C38643 /* MNNetworkTool.m in Sources */,
				46EFA9E720960A5100AC1D41 /* RQShineLabel.m in Sources */,
				46184942208E183900D076B3 /* MNBaseTableViewCell.m in Sources */,
				465503AF20A1976300E8C8B2 /* YBImageBrowserProgressBar.m in Sources */,
				4699B67220A93AF7008E1E87 /* RecommendMusicCell.m in Sources */,
				464173B12089780C006595EE /* MNBaseModel.m in Sources */,
				46E67BD1207E55E20089AD25 /* SPPageMenu.m in Sources */,
				46B20B3A20BE47DB0030741C /* JKRouter.m in Sources */,
				465503AC20A1976300E8C8B2 /* YBImageBrowserUtilities.m in Sources */,
				4699B67D20AAC1DD008E1E87 /* MusicProgressView.m in Sources */,
				4643205620C0EFD6005E62F7 /* BaseModel.m in Sources */,
				4643205920C4E22E005E62F7 /* MNPhotoContainerView.m in Sources */,
				46EFA9DF2095BA0800AC1D41 /* RecommendImageBgCell.m in Sources */,
				46B20B3920BE47DB0030741C /* JKRouterExtension.m in Sources */,
				464173B420897AAD006595EE /* RecommendVM.m in Sources */,
				46B20B4720BE8A240030741C /* DiscoverNetWork.m in Sources */,
				46EFA9D92095A46600AC1D41 /* AdLaunchManager.m in Sources */,
				465503A520A1976300E8C8B2 /* YBImageBrowser.m in Sources */,
				46184A9D20902CE400D076B3 /* UIView+SDAutoLayout.m in Sources */,
				465503A120A1976300E8C8B2 /* YBImageBrowserAnimatedTransitioning.m in Sources */,
				46184948208E196900D076B3 /* RecommendCellTitleView.m in Sources */,
				4643208320C50E0F005E62F7 /* NSTimer+timerBlock.m in Sources */,
				46B20B5820BFA7270030741C /* MBSwitch.m in Sources */,
				46EFA9E22095BCD600AC1D41 /* CommendMethod.m in Sources */,
				46184945208E194000D076B3 /* RecommendReadCell.m in Sources */,
				4619BE02207C4D5200065016 /* main.m in Sources */,
				465503A220A1976300E8C8B2 /* YBImageBrowserFunctionModel.m in Sources */,
				46184957208ED4ED00D076B3 /* NSObject+Additions.m in Sources */,
				4619BE80207D0A4300065016 /* MNBaseTabbarController.m in Sources */,
				46EFA9EA2096A9AC00AC1D41 /* RecommendImagesCell.m in Sources */,
				4655041B20A4285000E8C8B2 /* PhotoProgressView.m in Sources */,
				46B20B5020BF86270030741C /* WebThirdTitleView.m in Sources */,
				4618493C208DC2B200D076B3 /* RecommendTypeVC.m in Sources */,
				4699B68F20B54F22008E1E87 /* MNWebViewController.m in Sources */,
				46184960208EFA4500D076B3 /* MBProgressHUD+Message.m in Sources */,
				46184939208DBD8500D076B3 /* MNRefreshFooter.m in Sources */,
				4699B67A20A98882008E1E87 /* MNMusicPlayer.m in Sources */,
				4643208620C50E0F005E62F7 /* ZZCircleProgress.m in Sources */,
				4618493F208DCD5600D076B3 /* NSArray+MHAdd.m in Sources */,
				465503A420A1976300E8C8B2 /* YBImageBrowserToolBar.m in Sources */,
				464173B720897D07006595EE /* RecommendModel.m in Sources */,
				4643205320C0EA35005E62F7 /* FileManager.m in Sources */,
				46B20B1D20BD35570030741C /* WebNavTitleView.m in Sources */,
				4699B67620A967AB008E1E87 /* MusicCDView.m in Sources */,
				4643208220C50E0F005E62F7 /* ZZCACircleProgress.m in Sources */,
				46EFA9DC2095AA6000AC1D41 /* AdModel.m in Sources */,
				4619BE74207CF8C100065016 /* CommunityVC.m in Sources */,
				465503AE20A1976300E8C8B2 /* YBImageBrowserPromptBar.m in Sources */,
				4619BDF4207C4D4F00065016 /* AppDelegate.m in Sources */,
				4619BE71207CF8A200065016 /* DiscoverVC.m in Sources */,
				46184933208DB81600D076B3 /* MNRefreshBlackHeader.m in Sources */,
				4699B68420B25F49008E1E87 /* RecommendVideoCell.m in Sources */,
				46184A8D20900A4900D076B3 /* CommunicateBottomView.m in Sources */,
				4699B68820B3E811008E1E87 /* RecommendPicturesCell.m in Sources */,
				465503AD20A1976300E8C8B2 /* YBImageBrowserDownloader.m in Sources */,
				465503AA20A1976300E8C8B2 /* YBImageBrowserCopywriter.m in Sources */,
				46184A8A208F28CC00D076B3 /* UIColor+Additions.m in Sources */,
				46B20B3820BE47DB0030741C /* UIViewController+JKRouter.m in Sources */,
				4643208520C50E0F005E62F7 /* ZZCountingLabel.m in Sources */,
				4619BE77207CF8D800065016 /* MineVC.m in Sources */,
				46184A84208F0E5D00D076B3 /* YYWeakProxy.m in Sources */,
				46184954208EBCEF00D076B3 /* NSDictionary+Additions.m in Sources */,
				46B20B4420BE89560030741C /* DiscoverVM.m in Sources */,
				4699B68120AAD4C3008E1E87 /* XDProgressView.m in Sources */,
				46184A87208F17E700D076B3 /* MBProgressHUD.m in Sources */,
				465503A620A1976300E8C8B2 /* YBImageBrowserCell.m in Sources */,
				46B20B5F20C0DC440030741C /* PlayMusicController.m in Sources */,
				4619BE6E207CF88200065016 /* RecommendVC.m in Sources */,
				46B20B4D20BE8F6D0030741C /* DiscoverBannerHeaderView.m in Sources */,
				465503A720A1976300E8C8B2 /* YBImageBrowserView.m in Sources */,
				465503A320A1976300E8C8B2 /* YBImageBrowserFunctionBar.m in Sources */,
				4699B68C20B3F9F4008E1E87 /* RecommendTeaCell.m in Sources */,
				465503A820A1976300E8C8B2 /* YBImageBrowserModel.m in Sources */,
				46184963208F01CC00D076B3 /* YYFPSLabel.m in Sources */,
				465503A920A1976300E8C8B2 /* YBImageBrowserViewLayout.m in Sources */,
				4619BE7D207CF99F00065016 /* MNNavigationController.m in Sources */,
				46184A9C20902CE400D076B3 /* UITableView+SDAutoTableViewCellHeight.m in Sources */,
				465503AB20A1976300E8C8B2 /* NSBundle+YBImageBrowser.m in Sources */,
				4618495D208EDFEB00D076B3 /* UIImageView+WebLoad.m in Sources */,
			);
			runOnlyForDeploymentPostprocessing = 0;
		};
		4619BE03207C4D5200065016 /* Sources */ = {
			isa = PBXSourcesBuildPhase;
			buildActionMask = 2147483647;
			files = (
				4619BE0C207C4D5200065016 /* __MONOTests.m in Sources */,
			);
			runOnlyForDeploymentPostprocessing = 0;
		};
		4619BE0E207C4D5200065016 /* Sources */ = {
			isa = PBXSourcesBuildPhase;
			buildActionMask = 2147483647;
			files = (
				4619BE17207C4D5200065016 /* __MONOUITests.m in Sources */,
			);
			runOnlyForDeploymentPostprocessing = 0;
		};
/* End PBXSourcesBuildPhase section */

/* Begin PBXTargetDependency section */
		4619BE09207C4D5200065016 /* PBXTargetDependency */ = {
			isa = PBXTargetDependency;
			target = 4619BDEE207C4D4F00065016 /* 高仿MONO */;
			targetProxy = 4619BE08207C4D5200065016 /* PBXContainerItemProxy */;
		};
		4619BE14207C4D5200065016 /* PBXTargetDependency */ = {
			isa = PBXTargetDependency;
			target = 4619BDEE207C4D4F00065016 /* 高仿MONO */;
			targetProxy = 4619BE13207C4D5200065016 /* PBXContainerItemProxy */;
		};
/* End PBXTargetDependency section */

/* Begin PBXVariantGroup section */
		4619BDF8207C4D4F00065016 /* Main.storyboard */ = {
			isa = PBXVariantGroup;
			children = (
				4619BDF9207C4D4F00065016 /* Base */,
			);
			name = Main.storyboard;
			sourceTree = "<group>";
		};
		4619BDFD207C4D5200065016 /* LaunchScreen.storyboard */ = {
			isa = PBXVariantGroup;
			children = (
				4619BDFE207C4D5200065016 /* Base */,
			);
			name = LaunchScreen.storyboard;
			sourceTree = "<group>";
		};
/* End PBXVariantGroup section */

/* Begin XCBuildConfiguration section */
		4619BE19207C4D5200065016 /* Debug */ = {
			isa = XCBuildConfiguration;
			buildSettings = {
				ALWAYS_SEARCH_USER_PATHS = NO;
				CLANG_ANALYZER_NONNULL = YES;
				CLANG_ANALYZER_NUMBER_OBJECT_CONVERSION = YES_AGGRESSIVE;
				CLANG_CXX_LANGUAGE_STANDARD = "gnu++14";
				CLANG_CXX_LIBRARY = "libc++";
				CLANG_ENABLE_MODULES = YES;
				CLANG_ENABLE_OBJC_ARC = YES;
				CLANG_ENABLE_OBJC_WEAK = YES;
				CLANG_WARN_BLOCK_CAPTURE_AUTORELEASING = YES;
				CLANG_WARN_BOOL_CONVERSION = YES;
				CLANG_WARN_COMMA = YES;
				CLANG_WARN_CONSTANT_CONVERSION = YES;
				CLANG_WARN_DEPRECATED_OBJC_IMPLEMENTATIONS = YES;
				CLANG_WARN_DIRECT_OBJC_ISA_USAGE = YES_ERROR;
				CLANG_WARN_DOCUMENTATION_COMMENTS = YES;
				CLANG_WARN_EMPTY_BODY = YES;
				CLANG_WARN_ENUM_CONVERSION = YES;
				CLANG_WARN_INFINITE_RECURSION = YES;
				CLANG_WARN_INT_CONVERSION = YES;
				CLANG_WARN_NON_LITERAL_NULL_CONVERSION = YES;
				CLANG_WARN_OBJC_IMPLICIT_RETAIN_SELF = YES;
				CLANG_WARN_OBJC_LITERAL_CONVERSION = YES;
				CLANG_WARN_OBJC_ROOT_CLASS = YES_ERROR;
				CLANG_WARN_RANGE_LOOP_ANALYSIS = YES;
				CLANG_WARN_STRICT_PROTOTYPES = YES;
				CLANG_WARN_SUSPICIOUS_MOVE = YES;
				CLANG_WARN_UNGUARDED_AVAILABILITY = YES_AGGRESSIVE;
				CLANG_WARN_UNREACHABLE_CODE = YES;
				CLANG_WARN__DUPLICATE_METHOD_MATCH = YES;
				CODE_SIGN_IDENTITY = "iPhone Developer";
				COPY_PHASE_STRIP = NO;
				DEBUG_INFORMATION_FORMAT = dwarf;
				ENABLE_STRICT_OBJC_MSGSEND = YES;
				ENABLE_TESTABILITY = YES;
				GCC_C_LANGUAGE_STANDARD = gnu11;
				GCC_DYNAMIC_NO_PIC = NO;
				GCC_NO_COMMON_BLOCKS = YES;
				GCC_OPTIMIZATION_LEVEL = 0;
				GCC_PREPROCESSOR_DEFINITIONS = (
					"DEBUG=1",
					"$(inherited)",
				);
				GCC_WARN_64_TO_32_BIT_CONVERSION = YES;
				GCC_WARN_ABOUT_RETURN_TYPE = YES_ERROR;
				GCC_WARN_UNDECLARED_SELECTOR = YES;
				GCC_WARN_UNINITIALIZED_AUTOS = YES_AGGRESSIVE;
				GCC_WARN_UNUSED_FUNCTION = YES;
				GCC_WARN_UNUSED_VARIABLE = YES;
				IPHONEOS_DEPLOYMENT_TARGET = 11.3;
				MTL_ENABLE_DEBUG_INFO = YES;
				ONLY_ACTIVE_ARCH = YES;
				SDKROOT = iphoneos;
			};
			name = Debug;
		};
		4619BE1A207C4D5200065016 /* Release */ = {
			isa = XCBuildConfiguration;
			buildSettings = {
				ALWAYS_SEARCH_USER_PATHS = NO;
				CLANG_ANALYZER_NONNULL = YES;
				CLANG_ANALYZER_NUMBER_OBJECT_CONVERSION = YES_AGGRESSIVE;
				CLANG_CXX_LANGUAGE_STANDARD = "gnu++14";
				CLANG_CXX_LIBRARY = "libc++";
				CLANG_ENABLE_MODULES = YES;
				CLANG_ENABLE_OBJC_ARC = YES;
				CLANG_ENABLE_OBJC_WEAK = YES;
				CLANG_WARN_BLOCK_CAPTURE_AUTORELEASING = YES;
				CLANG_WARN_BOOL_CONVERSION = YES;
				CLANG_WARN_COMMA = YES;
				CLANG_WARN_CONSTANT_CONVERSION = YES;
				CLANG_WARN_DEPRECATED_OBJC_IMPLEMENTATIONS = YES;
				CLANG_WARN_DIRECT_OBJC_ISA_USAGE = YES_ERROR;
				CLANG_WARN_DOCUMENTATION_COMMENTS = YES;
				CLANG_WARN_EMPTY_BODY = YES;
				CLANG_WARN_ENUM_CONVERSION = YES;
				CLANG_WARN_INFINITE_RECURSION = YES;
				CLANG_WARN_INT_CONVERSION = YES;
				CLANG_WARN_NON_LITERAL_NULL_CONVERSION = YES;
				CLANG_WARN_OBJC_IMPLICIT_RETAIN_SELF = YES;
				CLANG_WARN_OBJC_LITERAL_CONVERSION = YES;
				CLANG_WARN_OBJC_ROOT_CLASS = YES_ERROR;
				CLANG_WARN_RANGE_LOOP_ANALYSIS = YES;
				CLANG_WARN_STRICT_PROTOTYPES = YES;
				CLANG_WARN_SUSPICIOUS_MOVE = YES;
				CLANG_WARN_UNGUARDED_AVAILABILITY = YES_AGGRESSIVE;
				CLANG_WARN_UNREACHABLE_CODE = YES;
				CLANG_WARN__DUPLICATE_METHOD_MATCH = YES;
				CODE_SIGN_IDENTITY = "iPhone Developer";
				COPY_PHASE_STRIP = NO;
				DEBUG_INFORMATION_FORMAT = "dwarf-with-dsym";
				ENABLE_NS_ASSERTIONS = NO;
				ENABLE_STRICT_OBJC_MSGSEND = YES;
				GCC_C_LANGUAGE_STANDARD = gnu11;
				GCC_NO_COMMON_BLOCKS = YES;
				GCC_WARN_64_TO_32_BIT_CONVERSION = YES;
				GCC_WARN_ABOUT_RETURN_TYPE = YES_ERROR;
				GCC_WARN_UNDECLARED_SELECTOR = YES;
				GCC_WARN_UNINITIALIZED_AUTOS = YES_AGGRESSIVE;
				GCC_WARN_UNUSED_FUNCTION = YES;
				GCC_WARN_UNUSED_VARIABLE = YES;
				IPHONEOS_DEPLOYMENT_TARGET = 11.3;
				MTL_ENABLE_DEBUG_INFO = NO;
				SDKROOT = iphoneos;
				VALIDATE_PRODUCT = YES;
			};
			name = Release;
		};
		4619BE1C207C4D5200065016 /* Debug */ = {
			isa = XCBuildConfiguration;
			baseConfigurationReference = 5243C0A2A91906272ED2C674 /* Pods-高仿MONO.debug.xcconfig */;
			buildSettings = {
				ASSETCATALOG_COMPILER_APPICON_NAME = AppIcon;
				ASSETCATALOG_COMPILER_LAUNCHIMAGE_NAME = LaunchImage;
				CODE_SIGN_STYLE = Automatic;
				DEVELOPMENT_TEAM = 6EUCP69KUN;
				GCC_PRECOMPILE_PREFIX_HEADER = YES;
				GCC_PREFIX_HEADER = "$(SRCROOT)/高仿MONO/Macro/MNPrefix.pch";
				INFOPLIST_FILE = "$(SRCROOT)/高仿MONO/Resource/Info.plist";
				IPHONEOS_DEPLOYMENT_TARGET = 9.0;
				LD_RUNPATH_SEARCH_PATHS = (
					"$(inherited)",
					"@executable_path/Frameworks",
				);
				PRODUCT_BUNDLE_IDENTIFIER = com.MONO.star;
				PRODUCT_NAME = "$(TARGET_NAME)";
				TARGETED_DEVICE_FAMILY = "1,2";
			};
			name = Debug;
		};
		4619BE1D207C4D5200065016 /* Release */ = {
			isa = XCBuildConfiguration;
			baseConfigurationReference = 1EB01A41710D1FA94CA97BC6 /* Pods-高仿MONO.release.xcconfig */;
			buildSettings = {
				ASSETCATALOG_COMPILER_APPICON_NAME = AppIcon;
				ASSETCATALOG_COMPILER_LAUNCHIMAGE_NAME = LaunchImage;
				CODE_SIGN_STYLE = Automatic;
				DEVELOPMENT_TEAM = 6EUCP69KUN;
				GCC_PRECOMPILE_PREFIX_HEADER = YES;
				GCC_PREFIX_HEADER = "$(SRCROOT)/高仿MONO/Macro/MNPrefix.pch";
				INFOPLIST_FILE = "$(SRCROOT)/高仿MONO/Resource/Info.plist";
				IPHONEOS_DEPLOYMENT_TARGET = 9.0;
				LD_RUNPATH_SEARCH_PATHS = (
					"$(inherited)",
					"@executable_path/Frameworks",
				);
				PRODUCT_BUNDLE_IDENTIFIER = com.MONO.star;
				PRODUCT_NAME = "$(TARGET_NAME)";
				TARGETED_DEVICE_FAMILY = "1,2";
			};
			name = Release;
		};
		4619BE1F207C4D5200065016 /* Debug */ = {
			isa = XCBuildConfiguration;
			buildSettings = {
				BUNDLE_LOADER = "$(TEST_HOST)";
				CODE_SIGN_STYLE = Automatic;
				DEVELOPMENT_TEAM = 6EUCP69KUN;
				INFOPLIST_FILE = "高仿MONOTests/Info.plist";
				LD_RUNPATH_SEARCH_PATHS = (
					"$(inherited)",
					"@executable_path/Frameworks",
					"@loader_path/Frameworks",
				);
				PRODUCT_BUNDLE_IDENTIFIER = "com.MONO.star.--MONOTests";
				PRODUCT_NAME = "$(TARGET_NAME)";
				TARGETED_DEVICE_FAMILY = "1,2";
				TEST_HOST = "$(BUILT_PRODUCTS_DIR)/高仿MONO.app/高仿MONO";
			};
			name = Debug;
		};
		4619BE20207C4D5200065016 /* Release */ = {
			isa = XCBuildConfiguration;
			buildSettings = {
				BUNDLE_LOADER = "$(TEST_HOST)";
				CODE_SIGN_STYLE = Automatic;
				DEVELOPMENT_TEAM = 6EUCP69KUN;
				INFOPLIST_FILE = "高仿MONOTests/Info.plist";
				LD_RUNPATH_SEARCH_PATHS = (
					"$(inherited)",
					"@executable_path/Frameworks",
					"@loader_path/Frameworks",
				);
				PRODUCT_BUNDLE_IDENTIFIER = "com.MONO.star.--MONOTests";
				PRODUCT_NAME = "$(TARGET_NAME)";
				TARGETED_DEVICE_FAMILY = "1,2";
				TEST_HOST = "$(BUILT_PRODUCTS_DIR)/高仿MONO.app/高仿MONO";
			};
			name = Release;
		};
		4619BE22207C4D5200065016 /* Debug */ = {
			isa = XCBuildConfiguration;
			buildSettings = {
				CODE_SIGN_STYLE = Automatic;
				DEVELOPMENT_TEAM = 6EUCP69KUN;
				INFOPLIST_FILE = "高仿MONOUITests/Info.plist";
				LD_RUNPATH_SEARCH_PATHS = (
					"$(inherited)",
					"@executable_path/Frameworks",
					"@loader_path/Frameworks",
				);
				PRODUCT_BUNDLE_IDENTIFIER = "com.MONO.star.--MONOUITests";
				PRODUCT_NAME = "$(TARGET_NAME)";
				TARGETED_DEVICE_FAMILY = "1,2";
				TEST_TARGET_NAME = "高仿MONO";
			};
			name = Debug;
		};
		4619BE23207C4D5200065016 /* Release */ = {
			isa = XCBuildConfiguration;
			buildSettings = {
				CODE_SIGN_STYLE = Automatic;
				DEVELOPMENT_TEAM = 6EUCP69KUN;
				INFOPLIST_FILE = "高仿MONOUITests/Info.plist";
				LD_RUNPATH_SEARCH_PATHS = (
					"$(inherited)",
					"@executable_path/Frameworks",
					"@loader_path/Frameworks",
				);
				PRODUCT_BUNDLE_IDENTIFIER = "com.MONO.star.--MONOUITests";
				PRODUCT_NAME = "$(TARGET_NAME)";
				TARGETED_DEVICE_FAMILY = "1,2";
				TEST_TARGET_NAME = "高仿MONO";
			};
			name = Release;
		};
/* End XCBuildConfiguration section */

/* Begin XCConfigurationList section */
		4619BDEA207C4D4F00065016 /* Build configuration list for PBXProject "高仿MONO" */ = {
			isa = XCConfigurationList;
			buildConfigurations = (
				4619BE19207C4D5200065016 /* Debug */,
				4619BE1A207C4D5200065016 /* Release */,
			);
			defaultConfigurationIsVisible = 0;
			defaultConfigurationName = Release;
		};
		4619BE1B207C4D5200065016 /* Build configuration list for PBXNativeTarget "高仿MONO" */ = {
			isa = XCConfigurationList;
			buildConfigurations = (
				4619BE1C207C4D5200065016 /* Debug */,
				4619BE1D207C4D5200065016 /* Release */,
			);
			defaultConfigurationIsVisible = 0;
			defaultConfigurationName = Release;
		};
		4619BE1E207C4D5200065016 /* Build configuration list for PBXNativeTarget "高仿MONOTests" */ = {
			isa = XCConfigurationList;
			buildConfigurations = (
				4619BE1F207C4D5200065016 /* Debug */,
				4619BE20207C4D5200065016 /* Release */,
			);
			defaultConfigurationIsVisible = 0;
			defaultConfigurationName = Release;
		};
		4619BE21207C4D5200065016 /* Build configuration list for PBXNativeTarget "高仿MONOUITests" */ = {
			isa = XCConfigurationList;
			buildConfigurations = (
				4619BE22207C4D5200065016 /* Debug */,
				4619BE23207C4D5200065016 /* Release */,
			);
			defaultConfigurationIsVisible = 0;
			defaultConfigurationName = Release;
		};
/* End XCConfigurationList section */
	};
	rootObject = 4619BDE7207C4D4F00065016 /* Project object */;
}
